{
  "version": 4,
  "terraform_version": "1.4.2",
  "serial": 161,
  "lineage": "65c84df7-6088-e1f1-fc48-494951d9e8c4",
  "outputs": {
    "target_pool": {
      "value": "https://www.googleapis.com/compute/v1/projects/gcp-training-377619/regions/us-central1/targetPools/network-lb",
      "type": "string"
    }
  },
  "resources": [
    {
      "mode": "data",
      "type": "google_compute_network",
      "name": "tf_default",
      "provider": "provider[\"registry.terraform.io/hashicorp/google\"]",
      "instances": [
        {
          "schema_version": 0,
          "attributes": {
            "description": "Default network for the project",
            "gateway_ipv4": "",
            "id": "projects/gcp-training-377619/global/networks/default",
            "name": "default",
            "project": null,
            "self_link": "https://www.googleapis.com/compute/v1/projects/gcp-training-377619/global/networks/default",
            "subnetworks_self_links": [
              "https://www.googleapis.com/compute/v1/projects/gcp-training-377619/regions/europe-west9/subnetworks/default",
              "https://www.googleapis.com/compute/v1/projects/gcp-training-377619/regions/us-west4/subnetworks/default",
              "https://www.googleapis.com/compute/v1/projects/gcp-training-377619/regions/asia-southeast1/subnetworks/default",
              "https://www.googleapis.com/compute/v1/projects/gcp-training-377619/regions/europe-north1/subnetworks/default",
              "https://www.googleapis.com/compute/v1/projects/gcp-training-377619/regions/us-south1/subnetworks/default",
              "https://www.googleapis.com/compute/v1/projects/gcp-training-377619/regions/europe-southwest1/subnetworks/default",
              "https://www.googleapis.com/compute/v1/projects/gcp-training-377619/regions/europe-west1/subnetworks/default",
              "https://www.googleapis.com/compute/v1/projects/gcp-training-377619/regions/us-west2/subnetworks/default",
              "https://www.googleapis.com/compute/v1/projects/gcp-training-377619/regions/southamerica-west1/subnetworks/default",
              "https://www.googleapis.com/compute/v1/projects/gcp-training-377619/regions/europe-west2/subnetworks/default",
              "https://www.googleapis.com/compute/v1/projects/gcp-training-377619/regions/europe-west6/subnetworks/default",
              "https://www.googleapis.com/compute/v1/projects/gcp-training-377619/regions/northamerica-northeast2/subnetworks/default",
              "https://www.googleapis.com/compute/v1/projects/gcp-training-377619/regions/us-east5/subnetworks/default",
              "https://www.googleapis.com/compute/v1/projects/gcp-training-377619/regions/us-east4/subnetworks/default",
              "https://www.googleapis.com/compute/v1/projects/gcp-training-377619/regions/asia-east2/subnetworks/default",
              "https://www.googleapis.com/compute/v1/projects/gcp-training-377619/regions/me-west1/subnetworks/default",
              "https://www.googleapis.com/compute/v1/projects/gcp-training-377619/regions/europe-west8/subnetworks/default",
              "https://www.googleapis.com/compute/v1/projects/gcp-training-377619/regions/southamerica-east1/subnetworks/default",
              "https://www.googleapis.com/compute/v1/projects/gcp-training-377619/regions/asia-southeast2/subnetworks/default",
              "https://www.googleapis.com/compute/v1/projects/gcp-training-377619/regions/me-central1/subnetworks/default",
              "https://www.googleapis.com/compute/v1/projects/gcp-training-377619/regions/asia-northeast3/subnetworks/default",
              "https://www.googleapis.com/compute/v1/projects/gcp-training-377619/regions/asia-northeast2/subnetworks/default",
              "https://www.googleapis.com/compute/v1/projects/gcp-training-377619/regions/asia-east1/subnetworks/default",
              "https://www.googleapis.com/compute/v1/projects/gcp-training-377619/regions/europe-west12/subnetworks/default",
              "https://www.googleapis.com/compute/v1/projects/gcp-training-377619/regions/europe-west3/subnetworks/default",
              "https://www.googleapis.com/compute/v1/projects/gcp-training-377619/regions/northamerica-northeast1/subnetworks/default",
              "https://www.googleapis.com/compute/v1/projects/gcp-training-377619/regions/us-west3/subnetworks/default",
              "https://www.googleapis.com/compute/v1/projects/gcp-training-377619/regions/us-east1/subnetworks/default",
              "https://www.googleapis.com/compute/v1/projects/gcp-training-377619/regions/asia-northeast1/subnetworks/default",
              "https://www.googleapis.com/compute/v1/projects/gcp-training-377619/regions/europe-west4/subnetworks/default",
              "https://www.googleapis.com/compute/v1/projects/gcp-training-377619/regions/asia-south2/subnetworks/default",
              "https://www.googleapis.com/compute/v1/projects/gcp-training-377619/regions/us-central1/subnetworks/default",
              "https://www.googleapis.com/compute/v1/projects/gcp-training-377619/regions/us-east7/subnetworks/default",
              "https://www.googleapis.com/compute/v1/projects/gcp-training-377619/regions/europe-central2/subnetworks/default",
              "https://www.googleapis.com/compute/v1/projects/gcp-training-377619/regions/us-west1/subnetworks/default",
              "https://www.googleapis.com/compute/v1/projects/gcp-training-377619/regions/asia-south1/subnetworks/default",
              "https://www.googleapis.com/compute/v1/projects/gcp-training-377619/regions/australia-southeast2/subnetworks/default",
              "https://www.googleapis.com/compute/v1/projects/gcp-training-377619/regions/australia-southeast1/subnetworks/default"
            ]
          },
          "sensitive_attributes": []
        }
      ]
    },
    {
      "mode": "managed",
      "type": "google_compute_address",
      "name": "tf_static_ip",
      "provider": "provider[\"registry.terraform.io/hashicorp/google\"]",
      "instances": [
        {
          "schema_version": 0,
          "attributes": {
            "address": "34.132.219.83",
            "address_type": "EXTERNAL",
            "creation_timestamp": "2023-03-27T11:02:13.123-07:00",
            "description": "",
            "id": "projects/gcp-training-377619/regions/us-central1/addresses/network-lb-static-ip",
            "name": "network-lb-static-ip",
            "network": "",
            "network_tier": "PREMIUM",
            "prefix_length": 0,
            "project": "gcp-training-377619",
            "purpose": "",
            "region": "us-central1",
            "self_link": "https://www.googleapis.com/compute/v1/projects/gcp-training-377619/regions/us-central1/addresses/network-lb-static-ip",
            "subnetwork": "",
            "timeouts": null,
            "users": [
              "https://www.googleapis.com/compute/v1/projects/gcp-training-377619/regions/us-central1/forwardingRules/front-end-lb"
            ]
          },
          "sensitive_attributes": [],
          "private": "eyJlMmJmYjczMC1lY2FhLTExZTYtOGY4OC0zNDM2M2JjN2M0YzAiOnsiY3JlYXRlIjoxMjAwMDAwMDAwMDAwLCJkZWxldGUiOjEyMDAwMDAwMDAwMDB9fQ=="
        }
      ]
    },
    {
      "mode": "managed",
      "type": "google_compute_firewall",
      "name": "tf_network_lb",
      "provider": "provider[\"registry.terraform.io/hashicorp/google\"]",
      "instances": [
        {
          "schema_version": 1,
          "attributes": {
            "allow": [
              {
                "ports": [
                  "22",
                  "80"
                ],
                "protocol": "tcp"
              }
            ],
            "creation_timestamp": "2023-03-27T11:02:12.185-07:00",
            "deny": [],
            "description": "",
            "destination_ranges": [],
            "direction": "INGRESS",
            "disabled": false,
            "enable_logging": null,
            "id": "projects/gcp-training-377619/global/firewalls/firewall-network-lb",
            "log_config": [],
            "name": "firewall-network-lb",
            "network": "https://www.googleapis.com/compute/v1/projects/gcp-training-377619/global/networks/default",
            "priority": 1000,
            "project": "gcp-training-377619",
            "self_link": "https://www.googleapis.com/compute/v1/projects/gcp-training-377619/global/firewalls/firewall-network-lb",
            "source_ranges": [
              "0.0.0.0/0"
            ],
            "source_service_accounts": [],
            "source_tags": [],
            "target_service_accounts": [],
            "target_tags": [
              "network-lb"
            ],
            "timeouts": null
          },
          "sensitive_attributes": [],
          "private": "eyJlMmJmYjczMC1lY2FhLTExZTYtOGY4OC0zNDM2M2JjN2M0YzAiOnsiY3JlYXRlIjoxMjAwMDAwMDAwMDAwLCJkZWxldGUiOjEyMDAwMDAwMDAwMDAsInVwZGF0ZSI6MTIwMDAwMDAwMDAwMH0sInNjaGVtYV92ZXJzaW9uIjoiMSJ9",
          "dependencies": [
            "data.google_compute_network.tf_default"
          ]
        }
      ]
    },
    {
      "mode": "managed",
      "type": "google_compute_forwarding_rule",
      "name": "tf_compute_forwarding_rule",
      "provider": "provider[\"registry.terraform.io/hashicorp/google\"]",
      "instances": [
        {
          "schema_version": 0,
          "attributes": {
            "all_ports": false,
            "allow_global_access": false,
            "backend_service": "",
            "creation_timestamp": "2023-03-27T11:36:36.306-07:00",
            "description": "",
            "id": "projects/gcp-training-377619/regions/us-central1/forwardingRules/netwrok-frontend",
            "ip_address": "https://www.googleapis.com/compute/v1/projects/gcp-training-377619/regions/us-central1/addresses/network-lb-static-ip",
            "ip_protocol": "TCP",
            "is_mirroring_collector": false,
            "label_fingerprint": "42WmSpB8rSM=",
            "labels": null,
            "load_balancing_scheme": "EXTERNAL",
            "name": "netwrok-frontend",
            "network": "",
            "network_tier": "PREMIUM",
            "port_range": "80",
            "ports": null,
            "project": "gcp-training-377619",
            "psc_connection_id": "",
            "psc_connection_status": "",
            "region": "us-central1",
            "self_link": "https://www.googleapis.com/compute/v1/projects/gcp-training-377619/regions/us-central1/forwardingRules/netwrok-frontend",
            "service_directory_registrations": [],
            "service_label": "",
            "service_name": "",
            "subnetwork": "",
            "target": "https://www.googleapis.com/compute/v1/projects/gcp-training-377619/regions/us-central1/targetPools/network-lb",
            "timeouts": null
          },
          "sensitive_attributes": [],
          "private": "eyJlMmJmYjczMC1lY2FhLTExZTYtOGY4OC0zNDM2M2JjN2M0YzAiOnsiY3JlYXRlIjoxMjAwMDAwMDAwMDAwLCJkZWxldGUiOjEyMDAwMDAwMDAwMDAsInVwZGF0ZSI6MTIwMDAwMDAwMDAwMH19",
          "dependencies": [
            "google_compute_address.tf_static_ip",
            "google_compute_target_pool.tf_target_pool"
          ]
        }
      ]
    },
    {
      "mode": "managed",
      "type": "google_compute_http_health_check",
      "name": "tf_health_check",
      "provider": "provider[\"registry.terraform.io/hashicorp/google\"]",
      "instances": [
        {
          "schema_version": 0,
          "attributes": {
            "check_interval_sec": 5,
            "creation_timestamp": "2023-03-27T11:10:24.371-07:00",
            "description": "",
            "healthy_threshold": 2,
            "host": "",
            "id": "projects/gcp-training-377619/global/httpHealthChecks/network-healthcheck",
            "name": "network-healthcheck",
            "port": 80,
            "project": "gcp-training-377619",
            "request_path": "/",
            "self_link": "https://www.googleapis.com/compute/v1/projects/gcp-training-377619/global/httpHealthChecks/network-healthcheck",
            "timeout_sec": 5,
            "timeouts": null,
            "unhealthy_threshold": 2
          },
          "sensitive_attributes": [],
          "private": "eyJlMmJmYjczMC1lY2FhLTExZTYtOGY4OC0zNDM2M2JjN2M0YzAiOnsiY3JlYXRlIjoxMjAwMDAwMDAwMDAwLCJkZWxldGUiOjEyMDAwMDAwMDAwMDAsInVwZGF0ZSI6MTIwMDAwMDAwMDAwMH19"
        }
      ]
    },
    {
      "mode": "managed",
      "type": "google_compute_instance",
      "name": "tf_vm_1",
      "provider": "provider[\"registry.terraform.io/hashicorp/google\"]",
      "instances": [
        {
          "schema_version": 6,
          "attributes": {
            "advanced_machine_features": [],
            "allow_stopping_for_update": null,
            "attached_disk": [],
            "boot_disk": [
              {
                "auto_delete": true,
                "device_name": "persistent-disk-0",
                "disk_encryption_key_raw": "",
                "disk_encryption_key_sha256": "",
                "initialize_params": [
                  {
                    "image": "https://www.googleapis.com/compute/v1/projects/debian-cloud/global/images/debian-11-bullseye-v20221206",
                    "labels": {},
                    "size": 10,
                    "type": "pd-standard"
                  }
                ],
                "kms_key_self_link": "",
                "mode": "READ_WRITE",
                "source": "https://www.googleapis.com/compute/v1/projects/gcp-training-377619/zones/us-central1-a/disks/blue-instance"
              }
            ],
            "can_ip_forward": false,
            "confidential_instance_config": [],
            "cpu_platform": "Intel Haswell",
            "current_status": "RUNNING",
            "deletion_protection": false,
            "description": "",
            "desired_status": null,
            "enable_display": false,
            "guest_accelerator": [],
            "hostname": "",
            "id": "projects/gcp-training-377619/zones/us-central1-a/instances/blue-instance",
            "instance_id": "5925621074087404745",
            "label_fingerprint": "42WmSpB8rSM=",
            "labels": {},
            "machine_type": "f1-micro",
            "metadata": {},
            "metadata_fingerprint": "zzzgAUJ2sbg=",
            "metadata_startup_script": "#! /bin/bash\nsudo apt-get update\nsudo apt-get install apache2 wget -y\ncd /var/www/html\nrm -rf index.html\nwget https://raw.githubusercontent.com/devopswithcloud/GoogleCloudPlatform/master/LoadBalancer/NetworkLB/blue/index.html\nsudo service apache2 restart",
            "min_cpu_platform": "",
            "name": "blue-instance",
            "network_interface": [
              {
                "access_config": [
                  {
                    "nat_ip": "34.29.143.176",
                    "network_tier": "PREMIUM",
                    "public_ptr_domain_name": ""
                  }
                ],
                "alias_ip_range": [],
                "ipv6_access_config": [],
                "ipv6_access_type": "",
                "name": "nic0",
                "network": "https://www.googleapis.com/compute/v1/projects/gcp-training-377619/global/networks/default",
                "network_ip": "10.128.0.59",
                "nic_type": "",
                "queue_count": 0,
                "stack_type": "IPV4_ONLY",
                "subnetwork": "https://www.googleapis.com/compute/v1/projects/gcp-training-377619/regions/us-central1/subnetworks/default",
                "subnetwork_project": "gcp-training-377619"
              }
            ],
            "project": "gcp-training-377619",
            "reservation_affinity": [],
            "resource_policies": [],
            "scheduling": [
              {
                "automatic_restart": true,
                "instance_termination_action": "",
                "min_node_cpus": 0,
                "node_affinities": [],
                "on_host_maintenance": "MIGRATE",
                "preemptible": false,
                "provisioning_model": "STANDARD"
              }
            ],
            "scratch_disk": [],
            "self_link": "https://www.googleapis.com/compute/v1/projects/gcp-training-377619/zones/us-central1-a/instances/blue-instance",
            "service_account": [],
            "shielded_instance_config": [
              {
                "enable_integrity_monitoring": true,
                "enable_secure_boot": false,
                "enable_vtpm": true
              }
            ],
            "tags": [
              "network-lb"
            ],
            "tags_fingerprint": "PI4Ha5YKDVY=",
            "timeouts": null,
            "zone": "us-central1-a"
          },
          "sensitive_attributes": [],
          "private": "eyJlMmJmYjczMC1lY2FhLTExZTYtOGY4OC0zNDM2M2JjN2M0YzAiOnsiY3JlYXRlIjoxMjAwMDAwMDAwMDAwLCJkZWxldGUiOjEyMDAwMDAwMDAwMDAsInVwZGF0ZSI6MTIwMDAwMDAwMDAwMH0sInNjaGVtYV92ZXJzaW9uIjoiNiJ9",
          "dependencies": [
            "data.google_compute_network.tf_default"
          ]
        }
      ]
    },
    {
      "mode": "managed",
      "type": "google_compute_instance",
      "name": "tf_vm_2",
      "provider": "provider[\"registry.terraform.io/hashicorp/google\"]",
      "instances": [
        {
          "schema_version": 6,
          "attributes": {
            "advanced_machine_features": [],
            "allow_stopping_for_update": null,
            "attached_disk": [],
            "boot_disk": [
              {
                "auto_delete": true,
                "device_name": "persistent-disk-0",
                "disk_encryption_key_raw": "",
                "disk_encryption_key_sha256": "",
                "initialize_params": [
                  {
                    "image": "https://www.googleapis.com/compute/v1/projects/debian-cloud/global/images/debian-11-bullseye-v20221206",
                    "labels": {},
                    "size": 10,
                    "type": "pd-standard"
                  }
                ],
                "kms_key_self_link": "",
                "mode": "READ_WRITE",
                "source": "https://www.googleapis.com/compute/v1/projects/gcp-training-377619/zones/us-central1-a/disks/green-instance"
              }
            ],
            "can_ip_forward": false,
            "confidential_instance_config": [],
            "cpu_platform": "Intel Haswell",
            "current_status": "RUNNING",
            "deletion_protection": false,
            "description": "",
            "desired_status": null,
            "enable_display": false,
            "guest_accelerator": [],
            "hostname": "",
            "id": "projects/gcp-training-377619/zones/us-central1-a/instances/green-instance",
            "instance_id": "551612789077861577",
            "label_fingerprint": "42WmSpB8rSM=",
            "labels": {},
            "machine_type": "f1-micro",
            "metadata": {},
            "metadata_fingerprint": "RWlX8JTTQZk=",
            "metadata_startup_script": "#! /bin/bash\nsudo apt-get update\nsudo apt-get install apache2 wget -y\ncd /var/www/html\nrm -rf index.html\nwget https://raw.githubusercontent.com/devopswithcloud/GoogleCloudPlatform/master/LoadBalancer/NetworkLB/green/index.html\nsudo service apache2 restart",
            "min_cpu_platform": "",
            "name": "green-instance",
            "network_interface": [
              {
                "access_config": [
                  {
                    "nat_ip": "35.226.41.44",
                    "network_tier": "PREMIUM",
                    "public_ptr_domain_name": ""
                  }
                ],
                "alias_ip_range": [],
                "ipv6_access_config": [],
                "ipv6_access_type": "",
                "name": "nic0",
                "network": "https://www.googleapis.com/compute/v1/projects/gcp-training-377619/global/networks/default",
                "network_ip": "10.128.0.60",
                "nic_type": "",
                "queue_count": 0,
                "stack_type": "IPV4_ONLY",
                "subnetwork": "https://www.googleapis.com/compute/v1/projects/gcp-training-377619/regions/us-central1/subnetworks/default",
                "subnetwork_project": "gcp-training-377619"
              }
            ],
            "project": "gcp-training-377619",
            "reservation_affinity": [],
            "resource_policies": [],
            "scheduling": [
              {
                "automatic_restart": true,
                "instance_termination_action": "",
                "min_node_cpus": 0,
                "node_affinities": [],
                "on_host_maintenance": "MIGRATE",
                "preemptible": false,
                "provisioning_model": "STANDARD"
              }
            ],
            "scratch_disk": [],
            "self_link": "https://www.googleapis.com/compute/v1/projects/gcp-training-377619/zones/us-central1-a/instances/green-instance",
            "service_account": [],
            "shielded_instance_config": [
              {
                "enable_integrity_monitoring": true,
                "enable_secure_boot": false,
                "enable_vtpm": true
              }
            ],
            "tags": [
              "network-lb"
            ],
            "tags_fingerprint": "PI4Ha5YKDVY=",
            "timeouts": null,
            "zone": "us-central1-a"
          },
          "sensitive_attributes": [],
          "private": "eyJlMmJmYjczMC1lY2FhLTExZTYtOGY4OC0zNDM2M2JjN2M0YzAiOnsiY3JlYXRlIjoxMjAwMDAwMDAwMDAwLCJkZWxldGUiOjEyMDAwMDAwMDAwMDAsInVwZGF0ZSI6MTIwMDAwMDAwMDAwMH0sInNjaGVtYV92ZXJzaW9uIjoiNiJ9",
          "dependencies": [
            "data.google_compute_network.tf_default"
          ]
        }
      ]
    },
    {
      "mode": "managed",
      "type": "google_compute_target_pool",
      "name": "tf_target_pool",
      "provider": "provider[\"registry.terraform.io/hashicorp/google\"]",
      "instances": [
        {
          "schema_version": 0,
          "attributes": {
            "backup_pool": "",
            "description": "",
            "failover_ratio": 0,
            "health_checks": [
              "https://www.googleapis.com/compute/v1/projects/gcp-training-377619/global/httpHealthChecks/network-healthcheck"
            ],
            "id": "projects/gcp-training-377619/regions/us-central1/targetPools/network-lb",
            "instances": [
              "us-central1-a/blue-instance",
              "us-central1-a/green-instance"
            ],
            "name": "network-lb",
            "project": "gcp-training-377619",
            "region": "us-central1",
            "self_link": "https://www.googleapis.com/compute/v1/projects/gcp-training-377619/regions/us-central1/targetPools/network-lb",
            "session_affinity": "NONE",
            "timeouts": null
          },
          "sensitive_attributes": [],
          "private": "eyJlMmJmYjczMC1lY2FhLTExZTYtOGY4OC0zNDM2M2JjN2M0YzAiOnsiY3JlYXRlIjoyNDAwMDAwMDAwMDAsImRlbGV0ZSI6MjQwMDAwMDAwMDAwLCJ1cGRhdGUiOjI0MDAwMDAwMDAwMH19",
          "dependencies": [
            "data.google_compute_network.tf_default",
            "google_compute_http_health_check.tf_health_check",
            "google_compute_instance.tf_vm_1",
            "google_compute_instance.tf_vm_2"
          ]
        }
      ]
    }
  ],
  "check_results": null
}
