{
  "version": 4,
  "terraform_version": "1.4.2",
  "serial": 498,
  "lineage": "4ae2d525-ed5c-b7f6-02a7-5f306b3686ec",
  "outputs": {},
  "resources": [
    {
      "module": "module.http_load_balancing",
      "mode": "data",
      "type": "google_compute_network",
      "name": "tf_default",
      "provider": "provider[\"registry.terraform.io/hashicorp/google\"]",
      "instances": [
        {
          "schema_version": 0,
          "attributes": {
            "description": "Default network for the project",
            "gateway_ipv4": "",
            "id": "projects/gcp-training-377619/global/networks/default",
            "name": "default",
            "project": null,
            "self_link": "https://www.googleapis.com/compute/v1/projects/gcp-training-377619/global/networks/default",
            "subnetworks_self_links": [
              "https://www.googleapis.com/compute/v1/projects/gcp-training-377619/regions/europe-west9/subnetworks/default",
              "https://www.googleapis.com/compute/v1/projects/gcp-training-377619/regions/us-west4/subnetworks/default",
              "https://www.googleapis.com/compute/v1/projects/gcp-training-377619/regions/asia-southeast1/subnetworks/default",
              "https://www.googleapis.com/compute/v1/projects/gcp-training-377619/regions/europe-north1/subnetworks/default",
              "https://www.googleapis.com/compute/v1/projects/gcp-training-377619/regions/us-south1/subnetworks/default",
              "https://www.googleapis.com/compute/v1/projects/gcp-training-377619/regions/europe-southwest1/subnetworks/default",
              "https://www.googleapis.com/compute/v1/projects/gcp-training-377619/regions/europe-west1/subnetworks/default",
              "https://www.googleapis.com/compute/v1/projects/gcp-training-377619/regions/us-west2/subnetworks/default",
              "https://www.googleapis.com/compute/v1/projects/gcp-training-377619/regions/southamerica-west1/subnetworks/default",
              "https://www.googleapis.com/compute/v1/projects/gcp-training-377619/regions/europe-west2/subnetworks/default",
              "https://www.googleapis.com/compute/v1/projects/gcp-training-377619/regions/europe-west6/subnetworks/default",
              "https://www.googleapis.com/compute/v1/projects/gcp-training-377619/regions/northamerica-northeast2/subnetworks/default",
              "https://www.googleapis.com/compute/v1/projects/gcp-training-377619/regions/us-east5/subnetworks/default",
              "https://www.googleapis.com/compute/v1/projects/gcp-training-377619/regions/us-east4/subnetworks/default",
              "https://www.googleapis.com/compute/v1/projects/gcp-training-377619/regions/asia-east2/subnetworks/default",
              "https://www.googleapis.com/compute/v1/projects/gcp-training-377619/regions/me-west1/subnetworks/default",
              "https://www.googleapis.com/compute/v1/projects/gcp-training-377619/regions/europe-west8/subnetworks/default",
              "https://www.googleapis.com/compute/v1/projects/gcp-training-377619/regions/southamerica-east1/subnetworks/default",
              "https://www.googleapis.com/compute/v1/projects/gcp-training-377619/regions/asia-southeast2/subnetworks/default",
              "https://www.googleapis.com/compute/v1/projects/gcp-training-377619/regions/me-central1/subnetworks/default",
              "https://www.googleapis.com/compute/v1/projects/gcp-training-377619/regions/asia-northeast3/subnetworks/default",
              "https://www.googleapis.com/compute/v1/projects/gcp-training-377619/regions/asia-northeast2/subnetworks/default",
              "https://www.googleapis.com/compute/v1/projects/gcp-training-377619/regions/asia-east1/subnetworks/default",
              "https://www.googleapis.com/compute/v1/projects/gcp-training-377619/regions/europe-west12/subnetworks/default",
              "https://www.googleapis.com/compute/v1/projects/gcp-training-377619/regions/europe-west3/subnetworks/default",
              "https://www.googleapis.com/compute/v1/projects/gcp-training-377619/regions/northamerica-northeast1/subnetworks/default",
              "https://www.googleapis.com/compute/v1/projects/gcp-training-377619/regions/us-west3/subnetworks/default",
              "https://www.googleapis.com/compute/v1/projects/gcp-training-377619/regions/us-east1/subnetworks/default",
              "https://www.googleapis.com/compute/v1/projects/gcp-training-377619/regions/asia-northeast1/subnetworks/default",
              "https://www.googleapis.com/compute/v1/projects/gcp-training-377619/regions/europe-west4/subnetworks/default",
              "https://www.googleapis.com/compute/v1/projects/gcp-training-377619/regions/asia-south2/subnetworks/default",
              "https://www.googleapis.com/compute/v1/projects/gcp-training-377619/regions/us-central1/subnetworks/default",
              "https://www.googleapis.com/compute/v1/projects/gcp-training-377619/regions/us-east7/subnetworks/default",
              "https://www.googleapis.com/compute/v1/projects/gcp-training-377619/regions/europe-central2/subnetworks/default",
              "https://www.googleapis.com/compute/v1/projects/gcp-training-377619/regions/us-west1/subnetworks/default",
              "https://www.googleapis.com/compute/v1/projects/gcp-training-377619/regions/asia-south1/subnetworks/default",
              "https://www.googleapis.com/compute/v1/projects/gcp-training-377619/regions/australia-southeast2/subnetworks/default",
              "https://www.googleapis.com/compute/v1/projects/gcp-training-377619/regions/australia-southeast1/subnetworks/default"
            ]
          },
          "sensitive_attributes": []
        }
      ]
    },
    {
      "module": "module.http_load_balancing",
      "mode": "data",
      "type": "google_dns_managed_zone",
      "name": "tf_managed_zone",
      "provider": "provider[\"registry.terraform.io/hashicorp/google\"]",
      "instances": [
        {
          "schema_version": 0,
          "attributes": {
            "description": "Managed by Terraform",
            "dns_name": "devopswithkube.com.",
            "id": "projects/gcp-training-377619/managedZones/prod-zone",
            "managed_zone_id": 6016991283915917108,
            "name": "prod-zone",
            "name_servers": [
              "ns-cloud-c1.googledomains.com.",
              "ns-cloud-c2.googledomains.com.",
              "ns-cloud-c3.googledomains.com.",
              "ns-cloud-c4.googledomains.com."
            ],
            "project": "gcp-training-377619",
            "visibility": "public"
          },
          "sensitive_attributes": []
        }
      ]
    },
    {
      "module": "module.http_load_balancing",
      "mode": "data",
      "type": "google_dns_record_set",
      "name": "tf_record_set",
      "provider": "provider[\"registry.terraform.io/hashicorp/google\"]",
      "instances": [
        {
          "schema_version": 0,
          "attributes": {
            "id": "projects/gcp-training-377619/managedZones/prod-zone/rrsets/devopswithkube.com./NS",
            "managed_zone": "prod-zone",
            "name": "devopswithkube.com.",
            "project": "gcp-training-377619",
            "rrdatas": [
              "ns-cloud-c1.googledomains.com.",
              "ns-cloud-c2.googledomains.com.",
              "ns-cloud-c3.googledomains.com.",
              "ns-cloud-c4.googledomains.com."
            ],
            "ttl": 21600,
            "type": "NS"
          },
          "sensitive_attributes": []
        }
      ]
    },
    {
      "module": "module.http_load_balancing",
      "mode": "managed",
      "type": "godaddy_domain_record",
      "name": "tfs_domain_record",
      "provider": "module.http_load_balancing.provider[\"registry.terraform.io/n3integration/godaddy\"]",
      "instances": [
        {
          "schema_version": 0,
          "attributes": {
            "addresses": [
              "34.149.35.46"
            ],
            "customer": null,
            "domain": "devopswithkube.com",
            "id": "388985249",
            "nameservers": [
              "ns-cloud-c1.googledomains.com.",
              "ns-cloud-c2.googledomains.com.",
              "ns-cloud-c3.googledomains.com.",
              "ns-cloud-c4.googledomains.com."
            ],
            "record": []
          },
          "sensitive_attributes": [],
          "private": "bnVsbA==",
          "dependencies": [
            "module.http_load_balancing.data.google_dns_record_set.tf_record_set",
            "module.http_load_balancing.google_compute_global_address.tf_external_ip"
          ]
        }
      ]
    },
    {
      "module": "module.http_load_balancing",
      "mode": "managed",
      "type": "google_compute_backend_bucket",
      "name": "tf_backend_bucket_1",
      "provider": "provider[\"registry.terraform.io/hashicorp/google\"]",
      "instances": [
        {
          "schema_version": 0,
          "attributes": {
            "bucket_name": "http-backend-bucket1",
            "cdn_policy": [
              {
                "bypass_cache_on_request_headers": [],
                "cache_key_policy": [],
                "cache_mode": "CACHE_ALL_STATIC",
                "client_ttl": 3600,
                "default_ttl": 3600,
                "max_ttl": 86400,
                "negative_caching": true,
                "negative_caching_policy": [],
                "request_coalescing": true,
                "serve_while_stale": 86400,
                "signed_url_cache_max_age_sec": 0
              }
            ],
            "compression_mode": "",
            "creation_timestamp": "2023-04-16T22:52:57.376-07:00",
            "custom_response_headers": [],
            "description": "Contains nature image",
            "edge_security_policy": "",
            "enable_cdn": true,
            "id": "projects/gcp-training-377619/global/backendBuckets/nature",
            "name": "nature",
            "project": "gcp-training-377619",
            "self_link": "https://www.googleapis.com/compute/v1/projects/gcp-training-377619/global/backendBuckets/nature",
            "timeouts": null
          },
          "sensitive_attributes": [],
          "private": "eyJlMmJmYjczMC1lY2FhLTExZTYtOGY4OC0zNDM2M2JjN2M0YzAiOnsiY3JlYXRlIjoxMjAwMDAwMDAwMDAwLCJkZWxldGUiOjEyMDAwMDAwMDAwMDAsInVwZGF0ZSI6MTIwMDAwMDAwMDAwMH19",
          "dependencies": [
            "module.http_load_balancing.google_storage_bucket.tf_bucket_1"
          ]
        }
      ]
    },
    {
      "module": "module.http_load_balancing",
      "mode": "managed",
      "type": "google_compute_backend_bucket",
      "name": "tf_backend_bucket_2",
      "provider": "provider[\"registry.terraform.io/hashicorp/google\"]",
      "instances": [
        {
          "schema_version": 0,
          "attributes": {
            "bucket_name": "http-backend-bucket2",
            "cdn_policy": [
              {
                "bypass_cache_on_request_headers": [],
                "cache_key_policy": [],
                "cache_mode": "CACHE_ALL_STATIC",
                "client_ttl": 3600,
                "default_ttl": 3600,
                "max_ttl": 86400,
                "negative_caching": true,
                "negative_caching_policy": [],
                "request_coalescing": true,
                "serve_while_stale": 86400,
                "signed_url_cache_max_age_sec": 0
              }
            ],
            "compression_mode": "",
            "creation_timestamp": "2023-04-16T22:52:59.901-07:00",
            "custom_response_headers": [],
            "description": "Contains dog image",
            "edge_security_policy": "",
            "enable_cdn": true,
            "id": "projects/gcp-training-377619/global/backendBuckets/dogs",
            "name": "dogs",
            "project": "gcp-training-377619",
            "self_link": "https://www.googleapis.com/compute/v1/projects/gcp-training-377619/global/backendBuckets/dogs",
            "timeouts": null
          },
          "sensitive_attributes": [],
          "private": "eyJlMmJmYjczMC1lY2FhLTExZTYtOGY4OC0zNDM2M2JjN2M0YzAiOnsiY3JlYXRlIjoxMjAwMDAwMDAwMDAwLCJkZWxldGUiOjEyMDAwMDAwMDAwMDAsInVwZGF0ZSI6MTIwMDAwMDAwMDAwMH19",
          "dependencies": [
            "module.http_load_balancing.google_storage_bucket.tf_bucket_2"
          ]
        }
      ]
    },
    {
      "module": "module.http_load_balancing",
      "mode": "managed",
      "type": "google_compute_backend_service",
      "name": "tf_http_backend",
      "provider": "provider[\"registry.terraform.io/hashicorp/google\"]",
      "instances": [
        {
          "schema_version": 1,
          "attributes": {
            "affinity_cookie_ttl_sec": 0,
            "backend": [
              {
                "balancing_mode": "UTILIZATION",
                "capacity_scaler": 1,
                "description": "",
                "group": "https://www.googleapis.com/compute/v1/projects/gcp-training-377619/regions/asia-southeast1/instanceGroups/http-singpore-group",
                "max_connections": 0,
                "max_connections_per_endpoint": 0,
                "max_connections_per_instance": 0,
                "max_rate": 0,
                "max_rate_per_endpoint": 0,
                "max_rate_per_instance": 0,
                "max_utilization": 0
              },
              {
                "balancing_mode": "UTILIZATION",
                "capacity_scaler": 1,
                "description": "",
                "group": "https://www.googleapis.com/compute/v1/projects/gcp-training-377619/regions/us-central1/instanceGroups/http-central-group",
                "max_connections": 0,
                "max_connections_per_endpoint": 0,
                "max_connections_per_instance": 0,
                "max_rate": 0,
                "max_rate_per_endpoint": 0,
                "max_rate_per_instance": 0,
                "max_utilization": 0
              }
            ],
            "cdn_policy": [],
            "circuit_breakers": [],
            "compression_mode": "",
            "connection_draining_timeout_sec": 300,
            "consistent_hash": [],
            "creation_timestamp": "2023-04-16T22:54:03.577-07:00",
            "custom_request_headers": [],
            "custom_response_headers": [],
            "description": "",
            "edge_security_policy": "",
            "enable_cdn": false,
            "fingerprint": "GkCazQHuKwU=",
            "generated_id": 7263890612453203988,
            "health_checks": [
              "https://www.googleapis.com/compute/v1/projects/gcp-training-377619/global/httpHealthChecks/http-lb-health-check"
            ],
            "iap": [],
            "id": "projects/gcp-training-377619/global/backendServices/http-backend",
            "load_balancing_scheme": "EXTERNAL",
            "locality_lb_policies": [],
            "locality_lb_policy": "",
            "log_config": [],
            "name": "http-backend",
            "outlier_detection": [],
            "port_name": "http-lb-port",
            "project": "gcp-training-377619",
            "protocol": "HTTP",
            "security_policy": "",
            "security_settings": [],
            "self_link": "https://www.googleapis.com/compute/v1/projects/gcp-training-377619/global/backendServices/http-backend",
            "session_affinity": "CLIENT_IP",
            "timeout_sec": 30,
            "timeouts": null
          },
          "sensitive_attributes": [],
          "private": "eyJlMmJmYjczMC1lY2FhLTExZTYtOGY4OC0zNDM2M2JjN2M0YzAiOnsiY3JlYXRlIjoxMjAwMDAwMDAwMDAwLCJkZWxldGUiOjEyMDAwMDAwMDAwMDAsInVwZGF0ZSI6MTIwMDAwMDAwMDAwMH0sInNjaGVtYV92ZXJzaW9uIjoiMSJ9",
          "dependencies": [
            "module.http_load_balancing.data.google_compute_network.tf_default",
            "module.http_load_balancing.google_compute_http_health_check.tf_http_health_check",
            "module.http_load_balancing.google_compute_instance_template.tf_instance_template1",
            "module.http_load_balancing.google_compute_instance_template.tf_instance_template2",
            "module.http_load_balancing.google_compute_region_instance_group_manager.tf_instance_group1",
            "module.http_load_balancing.google_compute_region_instance_group_manager.tf_instance_group2"
          ]
        }
      ]
    },
    {
      "module": "module.http_load_balancing",
      "mode": "managed",
      "type": "google_compute_global_address",
      "name": "tf_external_ip",
      "provider": "provider[\"registry.terraform.io/hashicorp/google\"]",
      "instances": [
        {
          "schema_version": 0,
          "attributes": {
            "address": "34.149.35.46",
            "address_type": "EXTERNAL",
            "creation_timestamp": "2023-04-16T22:52:53.756-07:00",
            "description": "",
            "id": "projects/gcp-training-377619/global/addresses/http-external-ip",
            "ip_version": "",
            "name": "http-external-ip",
            "network": "",
            "prefix_length": 0,
            "project": "gcp-training-377619",
            "purpose": "",
            "self_link": "https://www.googleapis.com/compute/v1/projects/gcp-training-377619/global/addresses/http-external-ip",
            "timeouts": null
          },
          "sensitive_attributes": [],
          "private": "eyJlMmJmYjczMC1lY2FhLTExZTYtOGY4OC0zNDM2M2JjN2M0YzAiOnsiY3JlYXRlIjoxMjAwMDAwMDAwMDAwLCJkZWxldGUiOjEyMDAwMDAwMDAwMDB9fQ=="
        }
      ]
    },
    {
      "module": "module.http_load_balancing",
      "mode": "managed",
      "type": "google_compute_global_forwarding_rule",
      "name": "tf_forwarding_rule",
      "provider": "provider[\"registry.terraform.io/hashicorp/google\"]",
      "instances": [
        {
          "schema_version": 0,
          "attributes": {
            "description": "",
            "id": "projects/gcp-training-377619/global/forwardingRules/https-frontend",
            "ip_address": "projects/gcp-training-377619/global/addresses/http-external-ip",
            "ip_protocol": "TCP",
            "ip_version": "",
            "label_fingerprint": "42WmSpB8rSM=",
            "labels": {},
            "load_balancing_scheme": "EXTERNAL",
            "metadata_filters": [],
            "name": "https-frontend",
            "network": "",
            "port_range": "443",
            "project": "gcp-training-377619",
            "psc_connection_id": "",
            "psc_connection_status": "",
            "self_link": "https://www.googleapis.com/compute/v1/projects/gcp-training-377619/global/forwardingRules/https-frontend",
            "target": "projects/gcp-training-377619/global/targetHttpsProxies/https-proxy",
            "timeouts": null
          },
          "sensitive_attributes": [],
          "private": "eyJlMmJmYjczMC1lY2FhLTExZTYtOGY4OC0zNDM2M2JjN2M0YzAiOnsiY3JlYXRlIjoxMjAwMDAwMDAwMDAwLCJkZWxldGUiOjEyMDAwMDAwMDAwMDAsInVwZGF0ZSI6MTIwMDAwMDAwMDAwMH19",
          "dependencies": [
            "module.http_load_balancing.data.google_compute_network.tf_default",
            "module.http_load_balancing.google_compute_backend_bucket.tf_backend_bucket_1",
            "module.http_load_balancing.google_compute_backend_bucket.tf_backend_bucket_2",
            "module.http_load_balancing.google_compute_backend_service.tf_http_backend",
            "module.http_load_balancing.google_compute_global_address.tf_external_ip",
            "module.http_load_balancing.google_compute_http_health_check.tf_http_health_check",
            "module.http_load_balancing.google_compute_instance_template.tf_instance_template1",
            "module.http_load_balancing.google_compute_instance_template.tf_instance_template2",
            "module.http_load_balancing.google_compute_managed_ssl_certificate.tf_ssl_certificate",
            "module.http_load_balancing.google_compute_region_instance_group_manager.tf_instance_group1",
            "module.http_load_balancing.google_compute_region_instance_group_manager.tf_instance_group2",
            "module.http_load_balancing.google_compute_target_https_proxy.tf_https_proxy",
            "module.http_load_balancing.google_compute_url_map.tf_url_map",
            "module.http_load_balancing.google_storage_bucket.tf_bucket_1",
            "module.http_load_balancing.google_storage_bucket.tf_bucket_2"
          ]
        }
      ]
    },
    {
      "module": "module.http_load_balancing",
      "mode": "managed",
      "type": "google_compute_http_health_check",
      "name": "tf_http_health_check",
      "provider": "provider[\"registry.terraform.io/hashicorp/google\"]",
      "instances": [
        {
          "schema_version": 0,
          "attributes": {
            "check_interval_sec": 5,
            "creation_timestamp": "2023-04-16T22:52:53.663-07:00",
            "description": "",
            "healthy_threshold": 2,
            "host": "",
            "id": "projects/gcp-training-377619/global/httpHealthChecks/http-lb-health-check",
            "name": "http-lb-health-check",
            "port": 80,
            "project": "gcp-training-377619",
            "request_path": "/",
            "self_link": "https://www.googleapis.com/compute/v1/projects/gcp-training-377619/global/httpHealthChecks/http-lb-health-check",
            "timeout_sec": 5,
            "timeouts": null,
            "unhealthy_threshold": 2
          },
          "sensitive_attributes": [],
          "private": "eyJlMmJmYjczMC1lY2FhLTExZTYtOGY4OC0zNDM2M2JjN2M0YzAiOnsiY3JlYXRlIjoxMjAwMDAwMDAwMDAwLCJkZWxldGUiOjEyMDAwMDAwMDAwMDAsInVwZGF0ZSI6MTIwMDAwMDAwMDAwMH19"
        }
      ]
    },
    {
      "module": "module.http_load_balancing",
      "mode": "managed",
      "type": "google_compute_instance_template",
      "name": "tf_instance_template1",
      "provider": "provider[\"registry.terraform.io/hashicorp/google\"]",
      "instances": [
        {
          "schema_version": 1,
          "attributes": {
            "advanced_machine_features": [],
            "can_ip_forward": false,
            "confidential_instance_config": [],
            "description": "",
            "disk": [
              {
                "auto_delete": true,
                "boot": true,
                "device_name": "persistent-disk-0",
                "disk_encryption_key": [],
                "disk_name": "",
                "disk_size_gb": 0,
                "disk_type": "pd-standard",
                "interface": "SCSI",
                "labels": {},
                "mode": "READ_WRITE",
                "resource_policies": [],
                "source": "",
                "source_image": "projects/ubuntu-os-cloud/global/images/family/ubuntu-1804-lts",
                "source_image_encryption_key": [],
                "source_snapshot": "",
                "source_snapshot_encryption_key": [],
                "type": "PERSISTENT"
              }
            ],
            "guest_accelerator": [],
            "id": "projects/gcp-training-377619/global/instanceTemplates/http-lb-template-1",
            "instance_description": "",
            "labels": null,
            "machine_type": "e2-small",
            "metadata": {},
            "metadata_fingerprint": "Q8xeYqOYaQI=",
            "metadata_startup_script": "apt-get update\napt-get install -y apache2 php wget\ncd /var/www/html\nrm index.html -f\nrm index.php -f\nwget https://raw.githubusercontent.com/devopswithcloud/GoogleCloudPlatform/master/LoadBalancer/ver1/index.php\nMETA_REGION_STRING=$(curl \"http://metadata.google.internal/computeMetadata/v1/instance/zone\" -H \"Metadata-Flavor: Google\")\nREGION=`echo \"$META_REGION_STRING\" | awk -F/ '{print $4}'`\nsed -i \"s|region-here|$REGION|\" index.php",
            "min_cpu_platform": "",
            "name": "http-lb-template-1",
            "name_prefix": null,
            "network_interface": [
              {
                "access_config": [
                  {
                    "nat_ip": "",
                    "network_tier": "PREMIUM",
                    "public_ptr_domain_name": ""
                  }
                ],
                "alias_ip_range": [],
                "ipv6_access_config": [],
                "ipv6_access_type": "",
                "name": "nic0",
                "network": "https://www.googleapis.com/compute/v1/projects/gcp-training-377619/global/networks/default",
                "network_ip": "",
                "nic_type": "",
                "queue_count": 0,
                "stack_type": "",
                "subnetwork": "",
                "subnetwork_project": ""
              }
            ],
            "project": "gcp-training-377619",
            "region": null,
            "reservation_affinity": [],
            "resource_policies": null,
            "scheduling": [
              {
                "automatic_restart": true,
                "instance_termination_action": "",
                "min_node_cpus": 0,
                "node_affinities": [],
                "on_host_maintenance": "MIGRATE",
                "preemptible": false,
                "provisioning_model": "STANDARD"
              }
            ],
            "self_link": "https://www.googleapis.com/compute/v1/projects/gcp-training-377619/global/instanceTemplates/http-lb-template-1",
            "service_account": [],
            "shielded_instance_config": [],
            "tags": [],
            "tags_fingerprint": "",
            "timeouts": null
          },
          "sensitive_attributes": [],
          "private": "eyJlMmJmYjczMC1lY2FhLTExZTYtOGY4OC0zNDM2M2JjN2M0YzAiOnsiY3JlYXRlIjoyNDAwMDAwMDAwMDAsImRlbGV0ZSI6MjQwMDAwMDAwMDAwfSwic2NoZW1hX3ZlcnNpb24iOiIxIn0=",
          "dependencies": [
            "module.http_load_balancing.data.google_compute_network.tf_default"
          ]
        }
      ]
    },
    {
      "module": "module.http_load_balancing",
      "mode": "managed",
      "type": "google_compute_instance_template",
      "name": "tf_instance_template2",
      "provider": "provider[\"registry.terraform.io/hashicorp/google\"]",
      "instances": [
        {
          "schema_version": 1,
          "attributes": {
            "advanced_machine_features": [],
            "can_ip_forward": false,
            "confidential_instance_config": [],
            "description": "",
            "disk": [
              {
                "auto_delete": true,
                "boot": true,
                "device_name": "persistent-disk-0",
                "disk_encryption_key": [],
                "disk_name": "",
                "disk_size_gb": 0,
                "disk_type": "pd-standard",
                "interface": "SCSI",
                "labels": {},
                "mode": "READ_WRITE",
                "resource_policies": [],
                "source": "",
                "source_image": "projects/ubuntu-os-cloud/global/images/family/ubuntu-1804-lts",
                "source_image_encryption_key": [],
                "source_snapshot": "",
                "source_snapshot_encryption_key": [],
                "type": "PERSISTENT"
              }
            ],
            "guest_accelerator": [],
            "id": "projects/gcp-training-377619/global/instanceTemplates/http-lb-template-2",
            "instance_description": "",
            "labels": null,
            "machine_type": "e2-small",
            "metadata": {},
            "metadata_fingerprint": "Q8xeYqOYaQI=",
            "metadata_startup_script": "apt-get update\napt-get install -y apache2 php wget\ncd /var/www/html\nrm index.html -f\nrm index.php -f\nwget https://raw.githubusercontent.com/devopswithcloud/GoogleCloudPlatform/master/LoadBalancer/ver1/index.php\nMETA_REGION_STRING=$(curl \"http://metadata.google.internal/computeMetadata/v1/instance/zone\" -H \"Metadata-Flavor: Google\")\nREGION=`echo \"$META_REGION_STRING\" | awk -F/ '{print $4}'`\nsed -i \"s|region-here|$REGION|\" index.php",
            "min_cpu_platform": "",
            "name": "http-lb-template-2",
            "name_prefix": null,
            "network_interface": [
              {
                "access_config": [
                  {
                    "nat_ip": "",
                    "network_tier": "PREMIUM",
                    "public_ptr_domain_name": ""
                  }
                ],
                "alias_ip_range": [],
                "ipv6_access_config": [],
                "ipv6_access_type": "",
                "name": "nic0",
                "network": "https://www.googleapis.com/compute/v1/projects/gcp-training-377619/global/networks/default",
                "network_ip": "",
                "nic_type": "",
                "queue_count": 0,
                "stack_type": "",
                "subnetwork": "",
                "subnetwork_project": ""
              }
            ],
            "project": "gcp-training-377619",
            "region": null,
            "reservation_affinity": [],
            "resource_policies": null,
            "scheduling": [
              {
                "automatic_restart": true,
                "instance_termination_action": "",
                "min_node_cpus": 0,
                "node_affinities": [],
                "on_host_maintenance": "MIGRATE",
                "preemptible": false,
                "provisioning_model": "STANDARD"
              }
            ],
            "self_link": "https://www.googleapis.com/compute/v1/projects/gcp-training-377619/global/instanceTemplates/http-lb-template-2",
            "service_account": [],
            "shielded_instance_config": [],
            "tags": [],
            "tags_fingerprint": "",
            "timeouts": null
          },
          "sensitive_attributes": [],
          "private": "eyJlMmJmYjczMC1lY2FhLTExZTYtOGY4OC0zNDM2M2JjN2M0YzAiOnsiY3JlYXRlIjoyNDAwMDAwMDAwMDAsImRlbGV0ZSI6MjQwMDAwMDAwMDAwfSwic2NoZW1hX3ZlcnNpb24iOiIxIn0=",
          "dependencies": [
            "module.http_load_balancing.data.google_compute_network.tf_default"
          ]
        }
      ]
    },
    {
      "module": "module.http_load_balancing",
      "mode": "managed",
      "type": "google_compute_managed_ssl_certificate",
      "name": "tf_ssl_certificate",
      "provider": "provider[\"registry.terraform.io/hashicorp/google\"]",
      "instances": [
        {
          "schema_version": 0,
          "attributes": {
            "certificate_id": 5816910246325608538,
            "creation_timestamp": "2023-04-16T22:52:53.664-07:00",
            "description": "",
            "expire_time": "2023-07-15T22:52:56.000-07:00",
            "id": "projects/gcp-training-377619/global/sslCertificates/https-certs",
            "managed": [
              {
                "domains": [
                  "devopswithkube.com"
                ]
              }
            ],
            "name": "https-certs",
            "project": "gcp-training-377619",
            "self_link": "https://www.googleapis.com/compute/v1/projects/gcp-training-377619/global/sslCertificates/https-certs",
            "subject_alternative_names": [
              "devopswithkube.com"
            ],
            "timeouts": null,
            "type": "MANAGED"
          },
          "sensitive_attributes": [],
          "private": "eyJlMmJmYjczMC1lY2FhLTExZTYtOGY4OC0zNDM2M2JjN2M0YzAiOnsiY3JlYXRlIjoxODAwMDAwMDAwMDAwLCJkZWxldGUiOjE4MDAwMDAwMDAwMDB9fQ=="
        }
      ]
    },
    {
      "module": "module.http_load_balancing",
      "mode": "managed",
      "type": "google_compute_region_instance_group_manager",
      "name": "tf_instance_group1",
      "provider": "provider[\"registry.terraform.io/hashicorp/google\"]",
      "instances": [
        {
          "schema_version": 0,
          "attributes": {
            "auto_healing_policies": [
              {
                "health_check": "https://www.googleapis.com/compute/v1/projects/gcp-training-377619/global/httpHealthChecks/http-lb-health-check",
                "initial_delay_sec": 300
              }
            ],
            "base_instance_name": "http-lb-central",
            "description": "",
            "distribution_policy_target_shape": "EVEN",
            "distribution_policy_zones": [
              "us-central1-a",
              "us-central1-b"
            ],
            "fingerprint": "ng6KnYfix4Q=",
            "id": "projects/gcp-training-377619/regions/us-central1/instanceGroupManagers/http-central-group",
            "instance_group": "https://www.googleapis.com/compute/v1/projects/gcp-training-377619/regions/us-central1/instanceGroups/http-central-group",
            "list_managed_instances_results": "PAGELESS",
            "name": "http-central-group",
            "named_port": [
              {
                "name": "http-lb-port",
                "port": 80
              }
            ],
            "project": "gcp-training-377619",
            "region": "us-central1",
            "self_link": "https://www.googleapis.com/compute/v1/projects/gcp-training-377619/regions/us-central1/instanceGroupManagers/http-central-group",
            "stateful_disk": [],
            "status": [
              {
                "is_stable": true,
                "stateful": [
                  {
                    "has_stateful_config": false,
                    "per_instance_configs": [
                      {
                        "all_effective": true
                      }
                    ]
                  }
                ],
                "version_target": [
                  {
                    "is_reached": true
                  }
                ]
              }
            ],
            "target_pools": [],
            "target_size": 2,
            "timeouts": null,
            "update_policy": [
              {
                "instance_redistribution_type": "PROACTIVE",
                "max_surge_fixed": 2,
                "max_surge_percent": 0,
                "max_unavailable_fixed": 2,
                "max_unavailable_percent": 0,
                "minimal_action": "REPLACE",
                "most_disruptive_allowed_action": "",
                "replacement_method": "SUBSTITUTE",
                "type": "OPPORTUNISTIC"
              }
            ],
            "version": [
              {
                "instance_template": "https://www.googleapis.com/compute/v1/projects/gcp-training-377619/global/instanceTemplates/http-lb-template-1",
                "name": "",
                "target_size": []
              }
            ],
            "wait_for_instances": false,
            "wait_for_instances_status": "STABLE"
          },
          "sensitive_attributes": [],
          "private": "eyJlMmJmYjczMC1lY2FhLTExZTYtOGY4OC0zNDM2M2JjN2M0YzAiOnsiY3JlYXRlIjo5MDAwMDAwMDAwMDAsImRlbGV0ZSI6OTAwMDAwMDAwMDAwLCJ1cGRhdGUiOjkwMDAwMDAwMDAwMH19",
          "dependencies": [
            "module.http_load_balancing.data.google_compute_network.tf_default",
            "module.http_load_balancing.google_compute_http_health_check.tf_http_health_check",
            "module.http_load_balancing.google_compute_instance_template.tf_instance_template1"
          ]
        }
      ]
    },
    {
      "module": "module.http_load_balancing",
      "mode": "managed",
      "type": "google_compute_region_instance_group_manager",
      "name": "tf_instance_group2",
      "provider": "provider[\"registry.terraform.io/hashicorp/google\"]",
      "instances": [
        {
          "schema_version": 0,
          "attributes": {
            "auto_healing_policies": [
              {
                "health_check": "https://www.googleapis.com/compute/v1/projects/gcp-training-377619/global/httpHealthChecks/http-lb-health-check",
                "initial_delay_sec": 300
              }
            ],
            "base_instance_name": "http-lb-singapore",
            "description": "",
            "distribution_policy_target_shape": "EVEN",
            "distribution_policy_zones": [
              "asia-southeast1-b",
              "asia-southeast1-c"
            ],
            "fingerprint": "-UNaSKCHhJM=",
            "id": "projects/gcp-training-377619/regions/asia-southeast1/instanceGroupManagers/http-singpore-group",
            "instance_group": "https://www.googleapis.com/compute/v1/projects/gcp-training-377619/regions/asia-southeast1/instanceGroups/http-singpore-group",
            "list_managed_instances_results": "PAGELESS",
            "name": "http-singpore-group",
            "named_port": [
              {
                "name": "http-lb-port",
                "port": 80
              }
            ],
            "project": "gcp-training-377619",
            "region": "asia-southeast1",
            "self_link": "https://www.googleapis.com/compute/v1/projects/gcp-training-377619/regions/asia-southeast1/instanceGroupManagers/http-singpore-group",
            "stateful_disk": [],
            "status": [
              {
                "is_stable": true,
                "stateful": [
                  {
                    "has_stateful_config": false,
                    "per_instance_configs": [
                      {
                        "all_effective": true
                      }
                    ]
                  }
                ],
                "version_target": [
                  {
                    "is_reached": true
                  }
                ]
              }
            ],
            "target_pools": [],
            "target_size": 2,
            "timeouts": null,
            "update_policy": [
              {
                "instance_redistribution_type": "PROACTIVE",
                "max_surge_fixed": 2,
                "max_surge_percent": 0,
                "max_unavailable_fixed": 2,
                "max_unavailable_percent": 0,
                "minimal_action": "REPLACE",
                "most_disruptive_allowed_action": "",
                "replacement_method": "SUBSTITUTE",
                "type": "OPPORTUNISTIC"
              }
            ],
            "version": [
              {
                "instance_template": "https://www.googleapis.com/compute/v1/projects/gcp-training-377619/global/instanceTemplates/http-lb-template-2",
                "name": "",
                "target_size": []
              }
            ],
            "wait_for_instances": false,
            "wait_for_instances_status": "STABLE"
          },
          "sensitive_attributes": [],
          "private": "eyJlMmJmYjczMC1lY2FhLTExZTYtOGY4OC0zNDM2M2JjN2M0YzAiOnsiY3JlYXRlIjo5MDAwMDAwMDAwMDAsImRlbGV0ZSI6OTAwMDAwMDAwMDAwLCJ1cGRhdGUiOjkwMDAwMDAwMDAwMH19",
          "dependencies": [
            "module.http_load_balancing.data.google_compute_network.tf_default",
            "module.http_load_balancing.google_compute_http_health_check.tf_http_health_check",
            "module.http_load_balancing.google_compute_instance_template.tf_instance_template2"
          ]
        }
      ]
    },
    {
      "module": "module.http_load_balancing",
      "mode": "managed",
      "type": "google_compute_target_https_proxy",
      "name": "tf_https_proxy",
      "provider": "provider[\"registry.terraform.io/hashicorp/google\"]",
      "instances": [
        {
          "schema_version": 0,
          "attributes": {
            "certificate_map": "",
            "creation_timestamp": "2023-04-16T22:54:49.079-07:00",
            "description": "",
            "id": "projects/gcp-training-377619/global/targetHttpsProxies/https-proxy",
            "name": "https-proxy",
            "project": "gcp-training-377619",
            "proxy_bind": false,
            "proxy_id": 3271676725084381638,
            "quic_override": "NONE",
            "self_link": "https://www.googleapis.com/compute/v1/projects/gcp-training-377619/global/targetHttpsProxies/https-proxy",
            "ssl_certificates": [
              "https://www.googleapis.com/compute/v1/projects/gcp-training-377619/global/sslCertificates/https-certs"
            ],
            "ssl_policy": "",
            "timeouts": null,
            "url_map": "https://www.googleapis.com/compute/v1/projects/gcp-training-377619/global/urlMaps/https-url-map"
          },
          "sensitive_attributes": [],
          "private": "eyJlMmJmYjczMC1lY2FhLTExZTYtOGY4OC0zNDM2M2JjN2M0YzAiOnsiY3JlYXRlIjoxMjAwMDAwMDAwMDAwLCJkZWxldGUiOjEyMDAwMDAwMDAwMDAsInVwZGF0ZSI6MTIwMDAwMDAwMDAwMH19",
          "dependencies": [
            "module.http_load_balancing.data.google_compute_network.tf_default",
            "module.http_load_balancing.google_compute_backend_bucket.tf_backend_bucket_1",
            "module.http_load_balancing.google_compute_backend_bucket.tf_backend_bucket_2",
            "module.http_load_balancing.google_compute_backend_service.tf_http_backend",
            "module.http_load_balancing.google_compute_http_health_check.tf_http_health_check",
            "module.http_load_balancing.google_compute_instance_template.tf_instance_template1",
            "module.http_load_balancing.google_compute_instance_template.tf_instance_template2",
            "module.http_load_balancing.google_compute_managed_ssl_certificate.tf_ssl_certificate",
            "module.http_load_balancing.google_compute_region_instance_group_manager.tf_instance_group1",
            "module.http_load_balancing.google_compute_region_instance_group_manager.tf_instance_group2",
            "module.http_load_balancing.google_compute_url_map.tf_url_map",
            "module.http_load_balancing.google_storage_bucket.tf_bucket_1",
            "module.http_load_balancing.google_storage_bucket.tf_bucket_2"
          ]
        }
      ]
    },
    {
      "module": "module.http_load_balancing",
      "mode": "managed",
      "type": "google_compute_url_map",
      "name": "tf_url_map",
      "provider": "provider[\"registry.terraform.io/hashicorp/google\"]",
      "instances": [
        {
          "schema_version": 0,
          "attributes": {
            "creation_timestamp": "2023-04-16T22:54:36.778-07:00",
            "default_route_action": [],
            "default_service": "https://www.googleapis.com/compute/v1/projects/gcp-training-377619/global/backendServices/http-backend",
            "default_url_redirect": [],
            "description": "",
            "fingerprint": "H2IlaPU3tDk=",
            "header_action": [],
            "host_rule": [
              {
                "description": "",
                "hosts": [
                  "devopswithkube.com"
                ],
                "path_matcher": "path-matcher"
              }
            ],
            "id": "projects/gcp-training-377619/global/urlMaps/https-url-map",
            "map_id": 3498733680175702515,
            "name": "https-url-map",
            "path_matcher": [
              {
                "default_route_action": [],
                "default_service": "https://www.googleapis.com/compute/v1/projects/gcp-training-377619/global/backendServices/http-backend",
                "default_url_redirect": [],
                "description": "",
                "header_action": [],
                "name": "path-matcher",
                "path_rule": [
                  {
                    "paths": [
                      "/nature/*"
                    ],
                    "route_action": [],
                    "service": "https://www.googleapis.com/compute/v1/projects/gcp-training-377619/global/backendBuckets/nature",
                    "url_redirect": []
                  },
                  {
                    "paths": [
                      "/dogs/*"
                    ],
                    "route_action": [],
                    "service": "https://www.googleapis.com/compute/v1/projects/gcp-training-377619/global/backendBuckets/dogs",
                    "url_redirect": []
                  }
                ],
                "route_rules": []
              }
            ],
            "project": "gcp-training-377619",
            "self_link": "https://www.googleapis.com/compute/v1/projects/gcp-training-377619/global/urlMaps/https-url-map",
            "test": [],
            "timeouts": null
          },
          "sensitive_attributes": [],
          "private": "eyJlMmJmYjczMC1lY2FhLTExZTYtOGY4OC0zNDM2M2JjN2M0YzAiOnsiY3JlYXRlIjoxMjAwMDAwMDAwMDAwLCJkZWxldGUiOjEyMDAwMDAwMDAwMDAsInVwZGF0ZSI6MTIwMDAwMDAwMDAwMH19",
          "dependencies": [
            "module.http_load_balancing.data.google_compute_network.tf_default",
            "module.http_load_balancing.google_compute_backend_bucket.tf_backend_bucket_1",
            "module.http_load_balancing.google_compute_backend_bucket.tf_backend_bucket_2",
            "module.http_load_balancing.google_compute_backend_service.tf_http_backend",
            "module.http_load_balancing.google_compute_http_health_check.tf_http_health_check",
            "module.http_load_balancing.google_compute_instance_template.tf_instance_template1",
            "module.http_load_balancing.google_compute_instance_template.tf_instance_template2",
            "module.http_load_balancing.google_compute_region_instance_group_manager.tf_instance_group1",
            "module.http_load_balancing.google_compute_region_instance_group_manager.tf_instance_group2",
            "module.http_load_balancing.google_storage_bucket.tf_bucket_1",
            "module.http_load_balancing.google_storage_bucket.tf_bucket_2"
          ]
        }
      ]
    },
    {
      "module": "module.http_load_balancing",
      "mode": "managed",
      "type": "google_dns_managed_zone",
      "name": "tf_managed_zone",
      "provider": "provider[\"registry.terraform.io/hashicorp/google\"]",
      "instances": [
        {
          "schema_version": 0,
          "attributes": {
            "cloud_logging_config": [
              {
                "enable_logging": false
              }
            ],
            "creation_time": "2023-04-17T05:52:53.676Z",
            "description": "Managed by Terraform",
            "dns_name": "devopswithkube.com.",
            "dnssec_config": [
              {
                "default_key_specs": [
                  {
                    "algorithm": "rsasha256",
                    "key_length": 2048,
                    "key_type": "keySigning",
                    "kind": "dns#dnsKeySpec"
                  },
                  {
                    "algorithm": "rsasha256",
                    "key_length": 1024,
                    "key_type": "zoneSigning",
                    "kind": "dns#dnsKeySpec"
                  }
                ],
                "kind": "dns#managedZoneDnsSecConfig",
                "non_existence": "nsec3",
                "state": "on"
              }
            ],
            "force_destroy": false,
            "forwarding_config": [],
            "id": "projects/gcp-training-377619/managedZones/prod-zone",
            "labels": {},
            "managed_zone_id": 6016991283915917108,
            "name": "prod-zone",
            "name_servers": [
              "ns-cloud-c1.googledomains.com.",
              "ns-cloud-c2.googledomains.com.",
              "ns-cloud-c3.googledomains.com.",
              "ns-cloud-c4.googledomains.com."
            ],
            "peering_config": [],
            "private_visibility_config": [],
            "project": "gcp-training-377619",
            "timeouts": null,
            "visibility": "public"
          },
          "sensitive_attributes": [],
          "private": "eyJlMmJmYjczMC1lY2FhLTExZTYtOGY4OC0zNDM2M2JjN2M0YzAiOnsiY3JlYXRlIjoxMjAwMDAwMDAwMDAwLCJkZWxldGUiOjEyMDAwMDAwMDAwMDAsInVwZGF0ZSI6MTIwMDAwMDAwMDAwMH19"
        }
      ]
    },
    {
      "module": "module.http_load_balancing",
      "mode": "managed",
      "type": "google_dns_record_set",
      "name": "tf_cname",
      "provider": "provider[\"registry.terraform.io/hashicorp/google\"]",
      "instances": [
        {
          "schema_version": 0,
          "attributes": {
            "id": "projects/gcp-training-377619/managedZones/prod-zone/rrsets/www.devopswithkube.com./CNAME",
            "managed_zone": "prod-zone",
            "name": "www.devopswithkube.com.",
            "project": "gcp-training-377619",
            "routing_policy": [],
            "rrdatas": [
              "devopswithkube.com."
            ],
            "ttl": 300,
            "type": "CNAME"
          },
          "sensitive_attributes": [],
          "private": "bnVsbA==",
          "dependencies": [
            "module.http_load_balancing.google_dns_managed_zone.tf_managed_zone"
          ]
        }
      ]
    },
    {
      "module": "module.http_load_balancing",
      "mode": "managed",
      "type": "google_dns_record_set",
      "name": "tfs_frontend",
      "provider": "provider[\"registry.terraform.io/hashicorp/google\"]",
      "instances": [
        {
          "schema_version": 0,
          "attributes": {
            "id": "projects/gcp-training-377619/managedZones/prod-zone/rrsets/devopswithkube.com./A",
            "managed_zone": "prod-zone",
            "name": "devopswithkube.com.",
            "project": "gcp-training-377619",
            "routing_policy": [],
            "rrdatas": [
              "34.149.35.46"
            ],
            "ttl": 300,
            "type": "A"
          },
          "sensitive_attributes": [],
          "private": "bnVsbA==",
          "dependencies": [
            "module.http_load_balancing.google_compute_global_address.tf_external_ip",
            "module.http_load_balancing.google_dns_managed_zone.tf_managed_zone"
          ]
        }
      ]
    },
    {
      "module": "module.http_load_balancing",
      "mode": "managed",
      "type": "google_storage_bucket",
      "name": "tf_bucket_1",
      "provider": "provider[\"registry.terraform.io/hashicorp/google\"]",
      "instances": [
        {
          "schema_version": 0,
          "attributes": {
            "autoclass": [],
            "cors": [],
            "custom_placement_config": [],
            "default_event_based_hold": false,
            "encryption": [],
            "force_destroy": true,
            "id": "http-backend-bucket1",
            "labels": {},
            "lifecycle_rule": [],
            "location": "US-EAST1",
            "logging": [],
            "name": "http-backend-bucket1",
            "project": "gcp-training-377619",
            "public_access_prevention": "inherited",
            "requester_pays": false,
            "retention_policy": [],
            "self_link": "https://www.googleapis.com/storage/v1/b/http-backend-bucket1",
            "storage_class": "STANDARD",
            "timeouts": null,
            "uniform_bucket_level_access": true,
            "url": "gs://http-backend-bucket1",
            "versioning": [],
            "website": []
          },
          "sensitive_attributes": [],
          "private": "eyJlMmJmYjczMC1lY2FhLTExZTYtOGY4OC0zNDM2M2JjN2M0YzAiOnsiY3JlYXRlIjo2MDAwMDAwMDAwMDAsInJlYWQiOjI0MDAwMDAwMDAwMCwidXBkYXRlIjoyNDAwMDAwMDAwMDB9fQ=="
        }
      ]
    },
    {
      "module": "module.http_load_balancing",
      "mode": "managed",
      "type": "google_storage_bucket",
      "name": "tf_bucket_2",
      "provider": "provider[\"registry.terraform.io/hashicorp/google\"]",
      "instances": [
        {
          "schema_version": 0,
          "attributes": {
            "autoclass": [],
            "cors": [],
            "custom_placement_config": [],
            "default_event_based_hold": false,
            "encryption": [],
            "force_destroy": true,
            "id": "http-backend-bucket2",
            "labels": {},
            "lifecycle_rule": [],
            "location": "US-EAST1",
            "logging": [],
            "name": "http-backend-bucket2",
            "project": "gcp-training-377619",
            "public_access_prevention": "inherited",
            "requester_pays": false,
            "retention_policy": [],
            "self_link": "https://www.googleapis.com/storage/v1/b/http-backend-bucket2",
            "storage_class": "STANDARD",
            "timeouts": null,
            "uniform_bucket_level_access": true,
            "url": "gs://http-backend-bucket2",
            "versioning": [],
            "website": []
          },
          "sensitive_attributes": [],
          "private": "eyJlMmJmYjczMC1lY2FhLTExZTYtOGY4OC0zNDM2M2JjN2M0YzAiOnsiY3JlYXRlIjo2MDAwMDAwMDAwMDAsInJlYWQiOjI0MDAwMDAwMDAwMCwidXBkYXRlIjoyNDAwMDAwMDAwMDB9fQ=="
        }
      ]
    },
    {
      "module": "module.http_load_balancing",
      "mode": "managed",
      "type": "google_storage_bucket_iam_member",
      "name": "tf_bucket_memeber1",
      "provider": "provider[\"registry.terraform.io/hashicorp/google\"]",
      "instances": [
        {
          "schema_version": 0,
          "attributes": {
            "bucket": "b/http-backend-bucket1",
            "condition": [],
            "etag": "CAI=",
            "id": "b/http-backend-bucket1/roles/storage.objectViewer/allUsers",
            "member": "allUsers",
            "role": "roles/storage.objectViewer"
          },
          "sensitive_attributes": [],
          "private": "bnVsbA==",
          "dependencies": [
            "module.http_load_balancing.google_storage_bucket.tf_bucket_1"
          ]
        }
      ]
    },
    {
      "module": "module.http_load_balancing",
      "mode": "managed",
      "type": "google_storage_bucket_iam_member",
      "name": "tf_bucket_memeber2",
      "provider": "provider[\"registry.terraform.io/hashicorp/google\"]",
      "instances": [
        {
          "schema_version": 0,
          "attributes": {
            "bucket": "b/http-backend-bucket2",
            "condition": [],
            "etag": "CAI=",
            "id": "b/http-backend-bucket2/roles/storage.objectViewer/allUsers",
            "member": "allUsers",
            "role": "roles/storage.objectViewer"
          },
          "sensitive_attributes": [],
          "private": "bnVsbA==",
          "dependencies": [
            "module.http_load_balancing.google_storage_bucket.tf_bucket_2"
          ]
        }
      ]
    },
    {
      "module": "module.http_load_balancing",
      "mode": "managed",
      "type": "google_storage_bucket_object",
      "name": "tf_dog_home",
      "provider": "provider[\"registry.terraform.io/hashicorp/google\"]",
      "instances": [
        {
          "schema_version": 0,
          "attributes": {
            "bucket": "http-backend-bucket2",
            "cache_control": "",
            "content": null,
            "content_disposition": "",
            "content_encoding": "",
            "content_language": "",
            "content_type": "image/jpeg",
            "crc32c": "o7xS+A==",
            "customer_encryption": [],
            "detect_md5hash": "TEVQ+aX0uZfAxhQ8dgEwqQ==",
            "event_based_hold": false,
            "id": "http-backend-bucket2-dogs/home.html",
            "kms_key_name": "",
            "md5hash": "TEVQ+aX0uZfAxhQ8dgEwqQ==",
            "media_link": "https://storage.googleapis.com/download/storage/v1/b/http-backend-bucket2/o/dogs%2Fhome.html?generation=1681755552450255\u0026alt=media",
            "metadata": {},
            "name": "dogs/home.html",
            "output_name": "dogs/home.html",
            "self_link": "https://www.googleapis.com/storage/v1/b/http-backend-bucket2/o/dogs%2Fhome.html",
            "source": "./http-load-balancer/images/dogs/home.html",
            "storage_class": "STANDARD",
            "temporary_hold": false,
            "timeouts": null
          },
          "sensitive_attributes": [],
          "private": "eyJlMmJmYjczMC1lY2FhLTExZTYtOGY4OC0zNDM2M2JjN2M0YzAiOnsiY3JlYXRlIjoyNDAwMDAwMDAwMDAsImRlbGV0ZSI6MjQwMDAwMDAwMDAwLCJ1cGRhdGUiOjI0MDAwMDAwMDAwMH19",
          "dependencies": [
            "module.http_load_balancing.google_storage_bucket.tf_bucket_2"
          ]
        }
      ]
    },
    {
      "module": "module.http_load_balancing",
      "mode": "managed",
      "type": "google_storage_bucket_object",
      "name": "tf_image_dog",
      "provider": "provider[\"registry.terraform.io/hashicorp/google\"]",
      "instances": [
        {
          "schema_version": 0,
          "attributes": {
            "bucket": "http-backend-bucket2",
            "cache_control": "",
            "content": null,
            "content_disposition": "",
            "content_encoding": "",
            "content_language": "",
            "content_type": "image/jpeg",
            "crc32c": "djas/w==",
            "customer_encryption": [],
            "detect_md5hash": "wSF4p4tpCwV24nK4V8Mw4A==",
            "event_based_hold": false,
            "id": "http-backend-bucket2-dogs/CuteDog.jpg",
            "kms_key_name": "",
            "md5hash": "wSF4p4tpCwV24nK4V8Mw4A==",
            "media_link": "https://storage.googleapis.com/download/storage/v1/b/http-backend-bucket2/o/dogs%2FCuteDog.jpg?generation=1681755860293504\u0026alt=media",
            "metadata": null,
            "name": "dogs/CuteDog.jpg",
            "output_name": "dogs/CuteDog.jpg",
            "self_link": "https://www.googleapis.com/storage/v1/b/http-backend-bucket2/o/dogs%2FCuteDog.jpg",
            "source": "./http-load-balancer/images/dogs/CuteDog.jpg",
            "storage_class": "STANDARD",
            "temporary_hold": false,
            "timeouts": null
          },
          "sensitive_attributes": [],
          "private": "eyJlMmJmYjczMC1lY2FhLTExZTYtOGY4OC0zNDM2M2JjN2M0YzAiOnsiY3JlYXRlIjoyNDAwMDAwMDAwMDAsImRlbGV0ZSI6MjQwMDAwMDAwMDAwLCJ1cGRhdGUiOjI0MDAwMDAwMDAwMH19",
          "dependencies": [
            "module.http_load_balancing.google_storage_bucket.tf_bucket_2"
          ]
        }
      ]
    },
    {
      "module": "module.http_load_balancing",
      "mode": "managed",
      "type": "google_storage_bucket_object",
      "name": "tf_image_nature",
      "provider": "provider[\"registry.terraform.io/hashicorp/google\"]",
      "instances": [
        {
          "schema_version": 0,
          "attributes": {
            "bucket": "http-backend-bucket1",
            "cache_control": "",
            "content": null,
            "content_disposition": "",
            "content_encoding": "",
            "content_language": "",
            "content_type": "image/jpeg",
            "crc32c": "Y68NMQ==",
            "customer_encryption": [],
            "detect_md5hash": "VBxO9HgEMeWB1ciBKJmlYg==",
            "event_based_hold": false,
            "id": "http-backend-bucket1-nature/Nature.jpeg",
            "kms_key_name": "",
            "md5hash": "VBxO9HgEMeWB1ciBKJmlYg==",
            "media_link": "https://storage.googleapis.com/download/storage/v1/b/http-backend-bucket1/o/nature%2FNature.jpeg?generation=1681755862583073\u0026alt=media",
            "metadata": null,
            "name": "nature/Nature.jpeg",
            "output_name": "nature/Nature.jpeg",
            "self_link": "https://www.googleapis.com/storage/v1/b/http-backend-bucket1/o/nature%2FNature.jpeg",
            "source": "./http-load-balancer/images/nature/Nature.jpeg",
            "storage_class": "STANDARD",
            "temporary_hold": false,
            "timeouts": null
          },
          "sensitive_attributes": [],
          "private": "eyJlMmJmYjczMC1lY2FhLTExZTYtOGY4OC0zNDM2M2JjN2M0YzAiOnsiY3JlYXRlIjoyNDAwMDAwMDAwMDAsImRlbGV0ZSI6MjQwMDAwMDAwMDAwLCJ1cGRhdGUiOjI0MDAwMDAwMDAwMH19",
          "dependencies": [
            "module.http_load_balancing.google_storage_bucket.tf_bucket_1"
          ]
        }
      ]
    },
    {
      "module": "module.http_load_balancing",
      "mode": "managed",
      "type": "google_storage_bucket_object",
      "name": "tf_nature_home",
      "provider": "provider[\"registry.terraform.io/hashicorp/google\"]",
      "instances": [
        {
          "schema_version": 0,
          "attributes": {
            "bucket": "http-backend-bucket1",
            "cache_control": "",
            "content": null,
            "content_disposition": "",
            "content_encoding": "",
            "content_language": "",
            "content_type": "image/jpeg",
            "crc32c": "gxTZvg==",
            "customer_encryption": [],
            "detect_md5hash": "pouwAdTbrzg1LFopFWTtKA==",
            "event_based_hold": false,
            "id": "http-backend-bucket1-nature/home.html",
            "kms_key_name": "",
            "md5hash": "pouwAdTbrzg1LFopFWTtKA==",
            "media_link": "https://storage.googleapis.com/download/storage/v1/b/http-backend-bucket1/o/nature%2Fhome.html?generation=1681755552432459\u0026alt=media",
            "metadata": {},
            "name": "nature/home.html",
            "output_name": "nature/home.html",
            "self_link": "https://www.googleapis.com/storage/v1/b/http-backend-bucket1/o/nature%2Fhome.html",
            "source": "./http-load-balancer/images/nature/home.html",
            "storage_class": "STANDARD",
            "temporary_hold": false,
            "timeouts": null
          },
          "sensitive_attributes": [],
          "private": "eyJlMmJmYjczMC1lY2FhLTExZTYtOGY4OC0zNDM2M2JjN2M0YzAiOnsiY3JlYXRlIjoyNDAwMDAwMDAwMDAsImRlbGV0ZSI6MjQwMDAwMDAwMDAwLCJ1cGRhdGUiOjI0MDAwMDAwMDAwMH19",
          "dependencies": [
            "module.http_load_balancing.google_storage_bucket.tf_bucket_1"
          ]
        }
      ]
    }
  ],
  "check_results": null
}
