{
  "version": 4,
  "terraform_version": "1.4.2",
  "serial": 554,
  "lineage": "4ae2d525-ed5c-b7f6-02a7-5f306b3686ec",
  "outputs": {},
  "resources": [
    {
      "module": "module.gke-cluster",
      "mode": "managed",
      "type": "google_compute_firewall",
      "name": "tf_firewall_1",
      "provider": "provider[\"registry.terraform.io/hashicorp/google\"]",
      "instances": [
        {
          "schema_version": 1,
          "attributes": {
            "allow": [
              {
                "ports": [
                  "22",
                  "80"
                ],
                "protocol": "tcp"
              },
              {
                "ports": [],
                "protocol": "icmp"
              }
            ],
            "creation_timestamp": "2023-04-18T02:29:53.377-07:00",
            "deny": [],
            "description": "",
            "destination_ranges": [],
            "direction": "INGRESS",
            "disabled": false,
            "enable_logging": null,
            "id": "projects/gcp-training-377619/global/firewalls/gke-firewall",
            "log_config": [],
            "name": "gke-firewall",
            "network": "https://www.googleapis.com/compute/v1/projects/gcp-training-377619/global/networks/gke-network",
            "priority": 1000,
            "project": "gcp-training-377619",
            "self_link": "https://www.googleapis.com/compute/v1/projects/gcp-training-377619/global/firewalls/gke-firewall",
            "source_ranges": [
              "0.0.0.0/0"
            ],
            "source_service_accounts": null,
            "source_tags": null,
            "target_service_accounts": null,
            "target_tags": null,
            "timeouts": null
          },
          "sensitive_attributes": [],
          "private": "eyJlMmJmYjczMC1lY2FhLTExZTYtOGY4OC0zNDM2M2JjN2M0YzAiOnsiY3JlYXRlIjoxMjAwMDAwMDAwMDAwLCJkZWxldGUiOjEyMDAwMDAwMDAwMDAsInVwZGF0ZSI6MTIwMDAwMDAwMDAwMH0sInNjaGVtYV92ZXJzaW9uIjoiMSJ9",
          "dependencies": [
            "module.gke-cluster.google_compute_network.tf_custom_network"
          ]
        }
      ]
    },
    {
      "module": "module.gke-cluster",
      "mode": "managed",
      "type": "google_compute_network",
      "name": "tf_custom_network",
      "provider": "provider[\"registry.terraform.io/hashicorp/google\"]",
      "instances": [
        {
          "schema_version": 0,
          "attributes": {
            "auto_create_subnetworks": false,
            "delete_default_routes_on_create": false,
            "description": "",
            "enable_ula_internal_ipv6": false,
            "gateway_ipv4": "",
            "id": "projects/gcp-training-377619/global/networks/gke-network",
            "internal_ipv6_range": "",
            "mtu": 0,
            "name": "gke-network",
            "project": "gcp-training-377619",
            "routing_mode": "REGIONAL",
            "self_link": "https://www.googleapis.com/compute/v1/projects/gcp-training-377619/global/networks/gke-network",
            "timeouts": null
          },
          "sensitive_attributes": [],
          "private": "eyJlMmJmYjczMC1lY2FhLTExZTYtOGY4OC0zNDM2M2JjN2M0YzAiOnsiY3JlYXRlIjoxMjAwMDAwMDAwMDAwLCJkZWxldGUiOjEyMDAwMDAwMDAwMDAsInVwZGF0ZSI6MTIwMDAwMDAwMDAwMH19"
        }
      ]
    },
    {
      "module": "module.gke-cluster",
      "mode": "managed",
      "type": "google_compute_subnetwork",
      "name": "tf_custom_subnetwork",
      "provider": "provider[\"registry.terraform.io/hashicorp/google\"]",
      "instances": [
        {
          "schema_version": 0,
          "attributes": {
            "creation_timestamp": "2023-04-18T02:29:54.597-07:00",
            "description": "",
            "external_ipv6_prefix": "",
            "fingerprint": null,
            "gateway_address": "10.0.1.1",
            "id": "projects/gcp-training-377619/regions/us-central1/subnetworks/gke-subnet-a",
            "ip_cidr_range": "10.0.1.0/24",
            "ipv6_access_type": "",
            "ipv6_cidr_range": "",
            "log_config": [],
            "name": "gke-subnet-a",
            "network": "https://www.googleapis.com/compute/v1/projects/gcp-training-377619/global/networks/gke-network",
            "private_ip_google_access": false,
            "private_ipv6_google_access": "DISABLE_GOOGLE_ACCESS",
            "project": "gcp-training-377619",
            "purpose": "PRIVATE",
            "region": "us-central1",
            "role": "",
            "secondary_ip_range": [
              {
                "ip_cidr_range": "172.16.0.0/18",
                "range_name": "pod-network"
              },
              {
                "ip_cidr_range": "172.16.64.0/20",
                "range_name": "service-network"
              }
            ],
            "self_link": "https://www.googleapis.com/compute/v1/projects/gcp-training-377619/regions/us-central1/subnetworks/gke-subnet-a",
            "stack_type": "IPV4_ONLY",
            "timeouts": null
          },
          "sensitive_attributes": [],
          "private": "eyJlMmJmYjczMC1lY2FhLTExZTYtOGY4OC0zNDM2M2JjN2M0YzAiOnsiY3JlYXRlIjoxMjAwMDAwMDAwMDAwLCJkZWxldGUiOjEyMDAwMDAwMDAwMDAsInVwZGF0ZSI6MTIwMDAwMDAwMDAwMH19",
          "dependencies": [
            "module.gke-cluster.google_compute_network.tf_custom_network"
          ]
        }
      ]
    },
    {
      "module": "module.gke-cluster",
      "mode": "managed",
      "type": "google_container_cluster",
      "name": "tf_cluster",
      "provider": "provider[\"registry.terraform.io/hashicorp/google\"]",
      "instances": [
        {
          "schema_version": 1,
          "attributes": {
            "addons_config": [
              {
                "cloudrun_config": [],
                "config_connector_config": [],
                "dns_cache_config": [],
                "gce_persistent_disk_csi_driver_config": [
                  {
                    "enabled": true
                  }
                ],
                "gcp_filestore_csi_driver_config": [],
                "gke_backup_agent_config": [],
                "horizontal_pod_autoscaling": [],
                "http_load_balancing": [],
                "network_policy_config": [
                  {
                    "disabled": false
                  }
                ]
              }
            ],
            "authenticator_groups_config": [],
            "binary_authorization": [
              {
                "enabled": false,
                "evaluation_mode": ""
              }
            ],
            "cluster_autoscaling": [
              {
                "auto_provisioning_defaults": [],
                "enabled": false,
                "resource_limits": []
              }
            ],
            "cluster_ipv4_cidr": "172.16.0.0/18",
            "confidential_nodes": [],
            "cost_management_config": [],
            "database_encryption": [
              {
                "key_name": "",
                "state": "DECRYPTED"
              }
            ],
            "datapath_provider": "",
            "default_max_pods_per_node": 110,
            "default_snat_status": [
              {
                "disabled": false
              }
            ],
            "description": "",
            "dns_config": [],
            "enable_autopilot": false,
            "enable_binary_authorization": false,
            "enable_intranode_visibility": false,
            "enable_kubernetes_alpha": false,
            "enable_l4_ilb_subsetting": false,
            "enable_legacy_abac": false,
            "enable_shielded_nodes": true,
            "enable_tpu": false,
            "endpoint": "34.171.47.18",
            "gateway_api_config": [],
            "id": "projects/gcp-training-377619/locations/us-central1-a/clusters/poc-cluster",
            "initial_node_count": 0,
            "ip_allocation_policy": [
              {
                "cluster_ipv4_cidr_block": "172.16.0.0/18",
                "cluster_secondary_range_name": "pod-network",
                "services_ipv4_cidr_block": "172.16.64.0/20",
                "services_secondary_range_name": "service-network"
              }
            ],
            "label_fingerprint": "a9dc16a7",
            "location": "us-central1-a",
            "logging_config": [
              {
                "enable_components": [
                  "SYSTEM_COMPONENTS",
                  "WORKLOADS"
                ]
              }
            ],
            "logging_service": "logging.googleapis.com/kubernetes",
            "maintenance_policy": [],
            "master_auth": [
              {
                "client_certificate": "",
                "client_certificate_config": [
                  {
                    "issue_client_certificate": false
                  }
                ],
                "client_key": "",
                "cluster_ca_certificate": "LS0tLS1CRUdJTiBDRVJUSUZJQ0FURS0tLS0tCk1JSUVMRENDQXBTZ0F3SUJBZ0lRT1FZc05TTmpSL2VGODU1NFRzNG9tVEFOQmdrcWhraUc5dzBCQVFzRkFEQXYKTVMwd0t3WURWUVFERXlRMllUYzNNalkzWWkxak1tWmhMVFExTVdNdE9ERmhZaTAxWlRWbU56bGtNelV6TUdFdwpJQmNOTWpNd05ERTRNRGd6TURJd1doZ1BNakExTXpBME1UQXdPVE13TWpCYU1DOHhMVEFyQmdOVkJBTVRKRFpoCk56Y3lOamRpTFdNeVptRXRORFV4WXkwNE1XRmlMVFZsTldZM09XUXpOVE13WVRDQ0FhSXdEUVlKS29aSWh2Y04KQVFFQkJRQURnZ0dQQURDQ0FZb0NnZ0dCQU5RaElCSGYvdUpHZURPN1UrUGZwK1FxZTFiQmhPNHR5MDZxYW9aRApFYnlKS1V1bDcxdjdIT2ZaRm03bEtmSzFlUi9wWE1RNHcxbDBNckN0Y2hIZSszeFJmUVp5OTJnV2xjSm1aQWNmClpGaVRMZ1QyUHU2azBJOUtjQmswcDcxU09vdWVYK05SMnFGbmtyS01yYWRZTmtVZDd2ZkVhU1V1TFppREhRTVkKMUNaOHdta2JKbUx1QUN4NEJQTDdRcmY0NTQ1T3YrNVo5ZCt6WFJCNWxLb2pDaExRRlZsdmVVdVFQL2swcWt1VApwb3l5T0tGUHJYN0ZSaGFBUmtYb3llQVNaZzhHY1BhN3pzZkFNYTduZkJtamNwbVZDSlZpZWdqbDRON2RQdW1hCjErZURiTURKTURkRTdCSHNDdEtYM2lpVFMrRDN0VWtTOTIwcC9tMlZtVnRpUytrZDBhZU8yRS9abFdKZEtUM3UKa1pjd1RucWs0L1lyc214YWJnZ0hWSG1Ndkx3dkZRNW5GZEdyc25FWExZM01FMy9HL0hkeFlwZEN6c3ljZzZ4TQpmWWgrM2FzWEtrR2hNeHIzVy9HUkI2V3l0NDVCT0JXQ2tRd08xdHZ5YnBIMWZhMnVCb2w2eG9WM20wNzJMSUNvCkF5YldoZTRMTU9wOTlvaXlCYzBXMHl3Y0t3SURBUUFCbzBJd1FEQU9CZ05WSFE4QkFmOEVCQU1DQWdRd0R3WUQKVlIwVEFRSC9CQVV3QXdFQi96QWRCZ05WSFE0RUZnUVVVYmRKSHhkZ0lneUxhOEpnVVNxYllkSEJZS0V3RFFZSgpLb1pJaHZjTkFRRUxCUUFEZ2dHQkFLU1NlMVF0azBhRUQrd2U0QUEzQUR4NTNvcnpIZFduV2pnN051Wm0wdzZ3CkdnVjRuenN4ZDVNTHYzMkcxdnoxTk4yMmQ2R2ZjQ1Rlb2IvanR3YmFlR1dxWG45K2VQaHFRbjZHRnRBUUtiQnYKRXFHUUZCOWxzTFRKVnJrWlVkYjlxZ1NqNmFzUE05dkM5RGRrc1UzRzB0a09yaUNhR0hzbTltNjJxaGVHMTVVTgpZVWdsR0VFTjRCeGdCMXBlWTFwODVQYVhsWnBlWWpPUWEweHhJOFZjT0FUQ3FCeEJxU3Y4S2pVN0ViaTZ1TS9VCklwUkFiKzU3TjJnTEZWV2dIaTdBdGpzSTIwdzZvdkRIRi9GaHZ5YnBYSndLLzVLY2daZGw3cG9jY256dXF6dVIKR2NzWHJ2UjFrZGhNbkFoRHUvV3pJTnZjUTRtSmhqTHh2UzBObVpmQUZieGhjRHBTM2dIbEdFRjdHL2x5VkFsegpSL3RuWHRWRDFwb2t2NjNOYjJvMW0xc3VOeTJWZ21SWjMyQktDRkZJa2xmQXpNdFJFR3h3L29BdHJwODlORGg1CmhyYlA3S1dVOFdGb3Q2V2pxRHJ2bFVIbDRXZUZNRHdPekFuU2UvekJaRzRxcThzb004YkZ6M1R2TFVGaGxDcWQKNWJKV2MyTnljaWZBTWtyQ2ZhVy8wQT09Ci0tLS0tRU5EIENFUlRJRklDQVRFLS0tLS0K"
              }
            ],
            "master_authorized_networks_config": [],
            "master_version": "1.24.9-gke.3200",
            "mesh_certificates": [],
            "min_master_version": null,
            "monitoring_config": [
              {
                "enable_components": [
                  "SYSTEM_COMPONENTS"
                ],
                "managed_prometheus": []
              }
            ],
            "monitoring_service": "monitoring.googleapis.com/kubernetes",
            "name": "poc-cluster",
            "network": "projects/gcp-training-377619/global/networks/gke-network",
            "network_policy": [
              {
                "enabled": true,
                "provider": "CALICO"
              }
            ],
            "networking_mode": "VPC_NATIVE",
            "node_config": [
              {
                "boot_disk_kms_key": "",
                "disk_size_gb": 50,
                "disk_type": "pd-balanced",
                "gcfs_config": [],
                "guest_accelerator": [],
                "gvnic": [],
                "image_type": "COS_CONTAINERD",
                "kubelet_config": [],
                "labels": {},
                "linux_node_config": [],
                "local_ssd_count": 0,
                "logging_variant": "DEFAULT",
                "machine_type": "e2-small",
                "metadata": {
                  "disable-legacy-endpoints": "true"
                },
                "min_cpu_platform": "",
                "node_group": "",
                "oauth_scopes": [
                  "https://www.googleapis.com/auth/devstorage.read_only",
                  "https://www.googleapis.com/auth/logging.write",
                  "https://www.googleapis.com/auth/monitoring",
                  "https://www.googleapis.com/auth/service.management.readonly",
                  "https://www.googleapis.com/auth/servicecontrol",
                  "https://www.googleapis.com/auth/trace.append"
                ],
                "preemptible": false,
                "reservation_affinity": [],
                "resource_labels": {},
                "service_account": "default",
                "shielded_instance_config": [
                  {
                    "enable_integrity_monitoring": true,
                    "enable_secure_boot": false
                  }
                ],
                "spot": false,
                "tags": [],
                "taint": [],
                "workload_metadata_config": []
              }
            ],
            "node_locations": [],
            "node_pool": [
              {
                "autoscaling": [],
                "initial_node_count": 2,
                "instance_group_urls": [
                  "https://www.googleapis.com/compute/v1/projects/gcp-training-377619/zones/us-central1-a/instanceGroupManagers/gke-poc-cluster-gke-pool-a15ad7d0-grp"
                ],
                "managed_instance_group_urls": [
                  "https://www.googleapis.com/compute/v1/projects/gcp-training-377619/zones/us-central1-a/instanceGroups/gke-poc-cluster-gke-pool-a15ad7d0-grp"
                ],
                "management": [
                  {
                    "auto_repair": true,
                    "auto_upgrade": true
                  }
                ],
                "max_pods_per_node": 110,
                "name": "gke-pool",
                "name_prefix": "",
                "network_config": [
                  {
                    "create_pod_range": false,
                    "enable_private_nodes": false,
                    "pod_ipv4_cidr_block": "172.16.0.0/18",
                    "pod_range": "pod-network"
                  }
                ],
                "node_config": [
                  {
                    "boot_disk_kms_key": "",
                    "disk_size_gb": 50,
                    "disk_type": "pd-balanced",
                    "gcfs_config": [],
                    "guest_accelerator": [],
                    "gvnic": [],
                    "image_type": "COS_CONTAINERD",
                    "kubelet_config": [],
                    "labels": {},
                    "linux_node_config": [],
                    "local_ssd_count": 0,
                    "logging_variant": "DEFAULT",
                    "machine_type": "e2-small",
                    "metadata": {
                      "disable-legacy-endpoints": "true"
                    },
                    "min_cpu_platform": "",
                    "node_group": "",
                    "oauth_scopes": [
                      "https://www.googleapis.com/auth/devstorage.read_only",
                      "https://www.googleapis.com/auth/logging.write",
                      "https://www.googleapis.com/auth/monitoring",
                      "https://www.googleapis.com/auth/service.management.readonly",
                      "https://www.googleapis.com/auth/servicecontrol",
                      "https://www.googleapis.com/auth/trace.append"
                    ],
                    "preemptible": false,
                    "reservation_affinity": [],
                    "resource_labels": null,
                    "service_account": "default",
                    "shielded_instance_config": [
                      {
                        "enable_integrity_monitoring": true,
                        "enable_secure_boot": false
                      }
                    ],
                    "spot": false,
                    "tags": null,
                    "taint": [],
                    "workload_metadata_config": []
                  }
                ],
                "node_count": 2,
                "node_locations": [
                  "us-central1-a"
                ],
                "placement_policy": [],
                "upgrade_settings": [
                  {
                    "blue_green_settings": [],
                    "max_surge": 1,
                    "max_unavailable": 0,
                    "strategy": "SURGE"
                  }
                ],
                "version": "1.24.9-gke.3200"
              }
            ],
            "node_pool_defaults": [
              {
                "node_config_defaults": [
                  {
                    "logging_variant": "DEFAULT"
                  }
                ]
              }
            ],
            "node_version": "1.24.9-gke.3200",
            "notification_config": [
              {
                "pubsub": [
                  {
                    "enabled": false,
                    "filter": [],
                    "topic": ""
                  }
                ]
              }
            ],
            "operation": null,
            "private_cluster_config": [
              {
                "enable_private_endpoint": false,
                "enable_private_nodes": true,
                "master_global_access_config": [
                  {
                    "enabled": false
                  }
                ],
                "master_ipv4_cidr_block": "10.0.5.0/28",
                "peering_name": "gke-n1254f524bd81d4d1627-92ad-666a-peer",
                "private_endpoint": "10.0.5.2",
                "private_endpoint_subnetwork": "",
                "public_endpoint": "34.171.47.18"
              }
            ],
            "private_ipv6_google_access": "",
            "project": "gcp-training-377619",
            "release_channel": [
              {
                "channel": "REGULAR"
              }
            ],
            "remove_default_node_pool": null,
            "resource_labels": null,
            "resource_usage_export_config": [],
            "self_link": "https://container.googleapis.com/v1/projects/gcp-training-377619/zones/us-central1-a/clusters/poc-cluster",
            "service_external_ips_config": [
              {
                "enabled": false
              }
            ],
            "services_ipv4_cidr": "172.16.64.0/20",
            "subnetwork": "projects/gcp-training-377619/regions/us-central1/subnetworks/gke-subnet-a",
            "timeouts": null,
            "tpu_ipv4_cidr_block": "",
            "vertical_pod_autoscaling": [],
            "workload_identity_config": []
          },
          "sensitive_attributes": [],
          "private": "eyJlMmJmYjczMC1lY2FhLTExZTYtOGY4OC0zNDM2M2JjN2M0YzAiOnsiY3JlYXRlIjoyNDAwMDAwMDAwMDAwLCJkZWxldGUiOjI0MDAwMDAwMDAwMDAsInJlYWQiOjI0MDAwMDAwMDAwMDAsInVwZGF0ZSI6MzYwMDAwMDAwMDAwMH0sInNjaGVtYV92ZXJzaW9uIjoiMSJ9",
          "dependencies": [
            "module.gke-cluster.google_compute_network.tf_custom_network",
            "module.gke-cluster.google_compute_subnetwork.tf_custom_subnetwork"
          ]
        }
      ]
    },
    {
      "module": "module.gke-cluster",
      "mode": "managed",
      "type": "google_container_cluster",
      "name": "tf_gke",
      "provider": "provider[\"registry.terraform.io/hashicorp/google\"]",
      "instances": [
        {
          "schema_version": 1,
          "attributes": {
            "addons_config": [
              {
                "cloudrun_config": [],
                "config_connector_config": [],
                "dns_cache_config": [],
                "gce_persistent_disk_csi_driver_config": [
                  {
                    "enabled": true
                  }
                ],
                "gcp_filestore_csi_driver_config": [],
                "gke_backup_agent_config": [],
                "horizontal_pod_autoscaling": [],
                "http_load_balancing": [],
                "network_policy_config": [
                  {
                    "disabled": false
                  }
                ]
              }
            ],
            "authenticator_groups_config": [],
            "binary_authorization": [
              {
                "enabled": false,
                "evaluation_mode": ""
              }
            ],
            "cluster_autoscaling": [
              {
                "auto_provisioning_defaults": [],
                "enabled": false,
                "resource_limits": []
              }
            ],
            "cluster_ipv4_cidr": "10.0.0.0/14",
            "confidential_nodes": [],
            "cost_management_config": [],
            "database_encryption": [
              {
                "key_name": "",
                "state": "DECRYPTED"
              }
            ],
            "datapath_provider": "",
            "default_max_pods_per_node": null,
            "default_snat_status": [
              {
                "disabled": false
              }
            ],
            "description": "",
            "dns_config": [],
            "enable_autopilot": false,
            "enable_binary_authorization": false,
            "enable_intranode_visibility": false,
            "enable_kubernetes_alpha": false,
            "enable_l4_ilb_subsetting": false,
            "enable_legacy_abac": false,
            "enable_shielded_nodes": true,
            "enable_tpu": false,
            "endpoint": "35.223.205.66",
            "gateway_api_config": [],
            "id": "projects/gcp-training-377619/locations/us-central1-a/clusters/k8s-cluster",
            "initial_node_count": 0,
            "ip_allocation_policy": [],
            "label_fingerprint": "a9dc16a7",
            "location": "us-central1-a",
            "logging_config": [
              {
                "enable_components": [
                  "SYSTEM_COMPONENTS",
                  "WORKLOADS"
                ]
              }
            ],
            "logging_service": "logging.googleapis.com/kubernetes",
            "maintenance_policy": [],
            "master_auth": [
              {
                "client_certificate": "",
                "client_certificate_config": [
                  {
                    "issue_client_certificate": false
                  }
                ],
                "client_key": "",
                "cluster_ca_certificate": "LS0tLS1CRUdJTiBDRVJUSUZJQ0FURS0tLS0tCk1JSUVMRENDQXBTZ0F3SUJBZ0lRVFd5UW92cGdSVC9yZVRRMldLUlVPekFOQmdrcWhraUc5dzBCQVFzRkFEQXYKTVMwd0t3WURWUVFERXlSbE4yTXdORGc0TUMwelpqQTVMVFF6WlRjdE9UWXdOaTFtTlRnNE9UVTJPRFUzWVRFdwpJQmNOTWpNd05ERTRNRGd5T1RNeFdoZ1BNakExTXpBME1UQXdPVEk1TXpGYU1DOHhMVEFyQmdOVkJBTVRKR1UzCll6QTBPRGd3TFRObU1Ea3RORE5sTnkwNU5qQTJMV1kxT0RnNU5UWTROVGRoTVRDQ0FhSXdEUVlKS29aSWh2Y04KQVFFQkJRQURnZ0dQQURDQ0FZb0NnZ0dCQUxqVzE0ZHFzTnFKdDRKRytwOG42YlpMQnR5WVFFYmdHTkdOMG1PbgpscG5UR2JjellsdDRmUG5pcWxUdTNiRmpvdTVGTWk0U3hJVEdIUWx4bEsxRVVQc0NpN2ZkME43bUd2T3JhTU5lCjNJdzljTVh5RkZoOTV0dkd0UUs2VlBVaElrV3M4a1JnN3ZRSlBDMzFjeG44ZldCSnMzUXpSYVNyOWlubEtWSEoKT0RsSThaMjFtZnhsZzFZMTk5Z3ZrcG00czVCcGwwQUtidW1TMzhHY0F5dGJ6SzRJYWYyYy90S2VTR1RFVlVYbQpsbC9PRGNqeW9vMFZ2STczMitHTWNTMUQ4TXJ5b0lZZWg5cW5neEpwNmNFMTJmdXRPVWZDRFB6MXk1L2R4MkdJCllQRTRmZGhoeFFrdjRpcUpabkRaODJPSml6V3BtWmdjYjMySk04Q2NjdEZsQ3RXb3c1Ym9VQVZQb1l5U1NwdHMKaVVPRG9Jcm5lVVp4TW04RE5VdDJiTVpjbjRhV3diRHdkR21NZnZINlV1UUJqN0ZucEZsSjZJTURvWFpEeDJyNQpjUUZiN1o3NmVIQmFSSldDNE5rUTJ2dlpBVHF5a25MT0RTRk1pSWJ1RVQ5Wi90MGFqOHNrTGxLZWJwQkFWQ0FuClRmK1F4WkphcmlJNHBuektiUmp6R3FqajRRSURBUUFCbzBJd1FEQU9CZ05WSFE4QkFmOEVCQU1DQWdRd0R3WUQKVlIwVEFRSC9CQVV3QXdFQi96QWRCZ05WSFE0RUZnUVVZbWhhZm00clpnT1J0MS9GSkdYU0pZcjdlemt3RFFZSgpLb1pJaHZjTkFRRUxCUUFEZ2dHQkFGYTV3ODVOTGRwMmVUaDh1OFg4NFJ0Q1pMcDJSN0JLMEF5RjJwbFo0dGF6CkRpRjdXYWRYNVN1MnoxRnhYN2doQjR2VGlYOXB6Rm5qQnQ2WElaenE0WmpkREtYOFM3eHNxNnpzM0R2UTQvTjQKUCtJcWE1OWcydXF5V3BPMkhwNlpZQXpjUmxBbUNXOFlRQ3Z5NklNKzJ5S3BaN2FvTDE4ZzJBTFJ5R2VzMFBCRApMcEFIeHhrcE9YK280MHNFSFlvb1BzSG1qWWFFaDlGRlg4WXVtcWwwVmcrUGZqbHRyMGV4a2V2MlFQKytXUlJjCkJrbzMwTm5mc0t0c0pwdWFyemswaDJsT21NbWtYR1g4S09IYU9VK1FRTGs4TnRDUWFGb2FlT0Eyc3lFamtJcW4KWGJUeGdqOW5FZWRvcWVXU0VHTmRlaWFBSWRQU0pBbjdSMmNNdGNXWjZNTFpaZk0zdkFDQ1dUSU1jTCttb1pRQwpwRHhYR1l1Ymx1ejFlUjBGdzgzUjBTVlR1Wkt6WldadklYVERpL0crZUJra29LN3oyV25BdGhIekpmSnVRdmFEClM4ZHBnalBQcXVzT2pIdlZBU2s0RDNhWCs4UEJzUHQ1Vi9EVEpPa1YrdmRIK3IyOTFLZDBUcXh0cjRLL3UwUDIKTXVOOFBDL2VFNEdvY1llUkt0SHVtdz09Ci0tLS0tRU5EIENFUlRJRklDQVRFLS0tLS0K"
              }
            ],
            "master_authorized_networks_config": [],
            "master_version": "1.24.9-gke.3200",
            "mesh_certificates": [],
            "min_master_version": null,
            "monitoring_config": [
              {
                "enable_components": [
                  "SYSTEM_COMPONENTS"
                ],
                "managed_prometheus": []
              }
            ],
            "monitoring_service": "monitoring.googleapis.com/kubernetes",
            "name": "k8s-cluster",
            "network": "projects/gcp-training-377619/global/networks/default",
            "network_policy": [
              {
                "enabled": true,
                "provider": "CALICO"
              }
            ],
            "networking_mode": "ROUTES",
            "node_config": [
              {
                "boot_disk_kms_key": "",
                "disk_size_gb": 50,
                "disk_type": "pd-balanced",
                "gcfs_config": [],
                "guest_accelerator": [],
                "gvnic": [],
                "image_type": "COS_CONTAINERD",
                "kubelet_config": [],
                "labels": {},
                "linux_node_config": [],
                "local_ssd_count": 0,
                "logging_variant": "DEFAULT",
                "machine_type": "e2-small",
                "metadata": {
                  "disable-legacy-endpoints": "true"
                },
                "min_cpu_platform": "",
                "node_group": "",
                "oauth_scopes": [
                  "https://www.googleapis.com/auth/devstorage.read_only",
                  "https://www.googleapis.com/auth/logging.write",
                  "https://www.googleapis.com/auth/monitoring",
                  "https://www.googleapis.com/auth/service.management.readonly",
                  "https://www.googleapis.com/auth/servicecontrol",
                  "https://www.googleapis.com/auth/trace.append"
                ],
                "preemptible": false,
                "reservation_affinity": [],
                "resource_labels": {},
                "service_account": "default",
                "shielded_instance_config": [
                  {
                    "enable_integrity_monitoring": true,
                    "enable_secure_boot": false
                  }
                ],
                "spot": false,
                "tags": [],
                "taint": [],
                "workload_metadata_config": []
              }
            ],
            "node_locations": [],
            "node_pool": [
              {
                "autoscaling": [],
                "initial_node_count": 2,
                "instance_group_urls": [
                  "https://www.googleapis.com/compute/v1/projects/gcp-training-377619/zones/us-central1-a/instanceGroupManagers/gke-k8s-cluster-web-pool-e0e62fc5-grp"
                ],
                "managed_instance_group_urls": [
                  "https://www.googleapis.com/compute/v1/projects/gcp-training-377619/zones/us-central1-a/instanceGroups/gke-k8s-cluster-web-pool-e0e62fc5-grp"
                ],
                "management": [
                  {
                    "auto_repair": true,
                    "auto_upgrade": true
                  }
                ],
                "max_pods_per_node": 0,
                "name": "web-pool",
                "name_prefix": "",
                "network_config": [
                  {
                    "create_pod_range": false,
                    "enable_private_nodes": false,
                    "pod_ipv4_cidr_block": "",
                    "pod_range": ""
                  }
                ],
                "node_config": [
                  {
                    "boot_disk_kms_key": "",
                    "disk_size_gb": 50,
                    "disk_type": "pd-balanced",
                    "gcfs_config": [],
                    "guest_accelerator": [],
                    "gvnic": [],
                    "image_type": "COS_CONTAINERD",
                    "kubelet_config": [],
                    "labels": {},
                    "linux_node_config": [],
                    "local_ssd_count": 0,
                    "logging_variant": "DEFAULT",
                    "machine_type": "e2-small",
                    "metadata": {
                      "disable-legacy-endpoints": "true"
                    },
                    "min_cpu_platform": "",
                    "node_group": "",
                    "oauth_scopes": [
                      "https://www.googleapis.com/auth/devstorage.read_only",
                      "https://www.googleapis.com/auth/logging.write",
                      "https://www.googleapis.com/auth/monitoring",
                      "https://www.googleapis.com/auth/service.management.readonly",
                      "https://www.googleapis.com/auth/servicecontrol",
                      "https://www.googleapis.com/auth/trace.append"
                    ],
                    "preemptible": false,
                    "reservation_affinity": [],
                    "resource_labels": null,
                    "service_account": "default",
                    "shielded_instance_config": [
                      {
                        "enable_integrity_monitoring": true,
                        "enable_secure_boot": false
                      }
                    ],
                    "spot": false,
                    "tags": null,
                    "taint": [],
                    "workload_metadata_config": []
                  }
                ],
                "node_count": 2,
                "node_locations": [
                  "us-central1-a"
                ],
                "placement_policy": [],
                "upgrade_settings": [
                  {
                    "blue_green_settings": [],
                    "max_surge": 1,
                    "max_unavailable": 0,
                    "strategy": "SURGE"
                  }
                ],
                "version": "1.24.9-gke.3200"
              }
            ],
            "node_pool_defaults": [
              {
                "node_config_defaults": [
                  {
                    "logging_variant": "DEFAULT"
                  }
                ]
              }
            ],
            "node_version": "1.24.9-gke.3200",
            "notification_config": [
              {
                "pubsub": [
                  {
                    "enabled": false,
                    "filter": [],
                    "topic": ""
                  }
                ]
              }
            ],
            "operation": null,
            "private_cluster_config": [
              {
                "enable_private_endpoint": false,
                "enable_private_nodes": false,
                "master_global_access_config": [
                  {
                    "enabled": false
                  }
                ],
                "master_ipv4_cidr_block": "",
                "peering_name": "",
                "private_endpoint": "10.128.0.27",
                "private_endpoint_subnetwork": "",
                "public_endpoint": "35.223.205.66"
              }
            ],
            "private_ipv6_google_access": "",
            "project": "gcp-training-377619",
            "release_channel": [
              {
                "channel": "REGULAR"
              }
            ],
            "remove_default_node_pool": null,
            "resource_labels": null,
            "resource_usage_export_config": [],
            "self_link": "https://container.googleapis.com/v1/projects/gcp-training-377619/zones/us-central1-a/clusters/k8s-cluster",
            "service_external_ips_config": [
              {
                "enabled": false
              }
            ],
            "services_ipv4_cidr": "10.3.240.0/20",
            "subnetwork": "projects/gcp-training-377619/regions/us-central1/subnetworks/default",
            "timeouts": null,
            "tpu_ipv4_cidr_block": "",
            "vertical_pod_autoscaling": [],
            "workload_identity_config": []
          },
          "sensitive_attributes": [],
          "private": "eyJlMmJmYjczMC1lY2FhLTExZTYtOGY4OC0zNDM2M2JjN2M0YzAiOnsiY3JlYXRlIjoyNDAwMDAwMDAwMDAwLCJkZWxldGUiOjI0MDAwMDAwMDAwMDAsInJlYWQiOjI0MDAwMDAwMDAwMDAsInVwZGF0ZSI6MzYwMDAwMDAwMDAwMH0sInNjaGVtYV92ZXJzaW9uIjoiMSJ9"
        }
      ]
    }
  ],
  "check_results": null
}
